// !$*UTF8*$!
{
	archiveVersion = 1;
	classes = {
	};
	objectVersion = 46;
	objects = {

/* Begin PBXBuildFile section */
		2308011B15A3ED3900544123 /* MIMLineGraph.m in Sources */ = {isa = PBXBuildFile; fileRef = 2308011A15A3ED3800544123 /* MIMLineGraph.m */; };
		2308011E15A3FAD200544123 /* MultiLineLongGraph.m in Sources */ = {isa = PBXBuildFile; fileRef = 2308011D15A3FAD100544123 /* MultiLineLongGraph.m */; };
		2308012115A3FBEF00544123 /* MIMWallGraph.m in Sources */ = {isa = PBXBuildFile; fileRef = 2308012015A3FBEF00544123 /* MIMWallGraph.m */; };
		23197EE1154BA3830023521F /* Anchor.m in Sources */ = {isa = PBXBuildFile; fileRef = 23197E86154BA3830023521F /* Anchor.m */; };
		23197EE2154BA3830023521F /* AnchorInfo.m in Sources */ = {isa = PBXBuildFile; fileRef = 23197E88154BA3830023521F /* AnchorInfo.m */; };
		23197EE3154BA3830023521F /* CustomBox.m in Sources */ = {isa = PBXBuildFile; fileRef = 23197E8B154BA3830023521F /* CustomBox.m */; };
		23197EE4154BA3830023521F /* PageControl.m in Sources */ = {isa = PBXBuildFile; fileRef = 23197E8D154BA3830023521F /* PageControl.m */; };
		23197EE5154BA3830023521F /* XAxisBand.m in Sources */ = {isa = PBXBuildFile; fileRef = 23197E8F154BA3830023521F /* XAxisBand.m */; };
		23197EE6154BA3830023521F /* XAxisLabel.m in Sources */ = {isa = PBXBuildFile; fileRef = 23197E91154BA3830023521F /* XAxisLabel.m */; };
		23197EE7154BA3830023521F /* YAxisBand.m in Sources */ = {isa = PBXBuildFile; fileRef = 23197E93154BA3830023521F /* YAxisBand.m */; };
		23197EE8154BA3830023521F /* MIMBarGraph.m in Sources */ = {isa = PBXBuildFile; fileRef = 23197E96154BA3830023521F /* MIMBarGraph.m */; };
		23197EE9154BA3830023521F /* BarView.m in Sources */ = {isa = PBXBuildFile; fileRef = 23197E98154BA3830023521F /* BarView.m */; };
		23197EEA154BA3830023521F /* Cluster.m in Sources */ = {isa = PBXBuildFile; fileRef = 23197E9B154BA3830023521F /* Cluster.m */; };
		23197EEB154BA3830023521F /* ClusterGraph.m in Sources */ = {isa = PBXBuildFile; fileRef = 23197E9D154BA3830023521F /* ClusterGraph.m */; };
		23197EEC154BA3830023521F /* MIMColor.m in Sources */ = {isa = PBXBuildFile; fileRef = 23197EA0154BA3830023521F /* MIMColor.m */; };
		23197EED154BA3830023521F /* MIMColorClass.m in Sources */ = {isa = PBXBuildFile; fileRef = 23197EA2154BA3830023521F /* MIMColorClass.m */; };
		23197EF0154BA3830023521F /* 2DFragmentedDoughNut.m in Sources */ = {isa = PBXBuildFile; fileRef = 23197EAA154BA3830023521F /* 2DFragmentedDoughNut.m */; };
		23197EF1154BA3830023521F /* DoughtNutFragmentTitle.m in Sources */ = {isa = PBXBuildFile; fileRef = 23197EAC154BA3830023521F /* DoughtNutFragmentTitle.m */; };
		23197EF3154BA3830023521F /* LineInfoBox.m in Sources */ = {isa = PBXBuildFile; fileRef = 23197EB1154BA3830023521F /* LineInfoBox.m */; };
		23197EF4154BA3830023521F /* lines.png in Resources */ = {isa = PBXBuildFile; fileRef = 23197EB2154BA3830023521F /* lines.png */; };
		23197EF5154BA3830023521F /* lines1.png in Resources */ = {isa = PBXBuildFile; fileRef = 23197EB3154BA3830023521F /* lines1.png */; };
		23197EF6154BA3830023521F /* BasicPie.m in Sources */ = {isa = PBXBuildFile; fileRef = 23197EB6154BA3830023521F /* BasicPie.m */; };
		23197EF7154BA3830023521F /* BasicPieChart.m in Sources */ = {isa = PBXBuildFile; fileRef = 23197EB8154BA3830023521F /* BasicPieChart.m */; };
		23197EF8154BA3830023521F /* BasicPieChartSample.png in Resources */ = {isa = PBXBuildFile; fileRef = 23197EB9154BA3830023521F /* BasicPieChartSample.png */; };
		23197EF9154BA3830023521F /* BevelPieChart.m in Sources */ = {isa = PBXBuildFile; fileRef = 23197EBB154BA3830023521F /* BevelPieChart.m */; };
		23197EFA154BA3830023521F /* BevelPieChart.png in Resources */ = {isa = PBXBuildFile; fileRef = 23197EBC154BA3830023521F /* BevelPieChart.png */; };
		23197EFB154BA3830023521F /* BiTransPieChart.m in Sources */ = {isa = PBXBuildFile; fileRef = 23197EBE154BA3830023521F /* BiTransPieChart.m */; };
		23197EFC154BA3830023521F /* BiTransPieCHartSample.png in Resources */ = {isa = PBXBuildFile; fileRef = 23197EBF154BA3830023521F /* BiTransPieCHartSample.png */; };
		23197EFD154BA3830023521F /* DefaultPopOverForPieChart.m in Sources */ = {isa = PBXBuildFile; fileRef = 23197EC1154BA3830023521F /* DefaultPopOverForPieChart.m */; };
		23197EFE154BA3830023521F /* DetailPopOverStyle2.m in Sources */ = {isa = PBXBuildFile; fileRef = 23197EC3154BA3830023521F /* DetailPopOverStyle2.m */; };
		23197EFF154BA3830023521F /* layeredpiechart.jpg in Resources */ = {isa = PBXBuildFile; fileRef = 23197EC5154BA3830023521F /* layeredpiechart.jpg */; };
		23197F00154BA3830023521F /* LayeredPieChart.m in Sources */ = {isa = PBXBuildFile; fileRef = 23197EC6154BA3830023521F /* LayeredPieChart.m */; };
		23197F01154BA3830023521F /* LeftTriangleIcon.png in Resources */ = {isa = PBXBuildFile; fileRef = 23197EC7154BA3830023521F /* LeftTriangleIcon.png */; };
		23197F02154BA3830023521F /* LeftTriangleIconBlack.png in Resources */ = {isa = PBXBuildFile; fileRef = 23197EC8154BA3830023521F /* LeftTriangleIconBlack.png */; };
		23197F03154BA3830023521F /* MIMPieChart.m in Sources */ = {isa = PBXBuildFile; fileRef = 23197ECA154BA3830023521F /* MIMPieChart.m */; };
		23197F04154BA3830023521F /* OthersPart1.png in Resources */ = {isa = PBXBuildFile; fileRef = 23197ECC154BA3830023521F /* OthersPart1.png */; };
		23197F05154BA3830023521F /* otherspart2.png in Resources */ = {isa = PBXBuildFile; fileRef = 23197ECD154BA3830023521F /* otherspart2.png */; };
		23197F06154BA3830023521F /* OthersPieChart.m in Sources */ = {isa = PBXBuildFile; fileRef = 23197ECF154BA3830023521F /* OthersPieChart.m */; };
		23197F07154BA3830023521F /* padded_pie_chart.png in Resources */ = {isa = PBXBuildFile; fileRef = 23197ED0154BA3830023521F /* padded_pie_chart.png */; };
		23197F08154BA3830023521F /* PaddedPieChart.m in Sources */ = {isa = PBXBuildFile; fileRef = 23197ED2154BA3830023521F /* PaddedPieChart.m */; };
		23197F0A154BA3830023521F /* pie_pop_over_gradient.jpg in Resources */ = {isa = PBXBuildFile; fileRef = 23197ED5154BA3830023521F /* pie_pop_over_gradient.jpg */; };
		23197F0B154BA3830023521F /* RightTriangleIcon.png in Resources */ = {isa = PBXBuildFile; fileRef = 23197ED6154BA3830023521F /* RightTriangleIcon.png */; };
		23197F0C154BA3830023521F /* RightTriangleIconBlack.png in Resources */ = {isa = PBXBuildFile; fileRef = 23197ED7154BA3830023521F /* RightTriangleIconBlack.png */; };
		23197F0D154BA3830023521F /* sectioned_pie_chart.png in Resources */ = {isa = PBXBuildFile; fileRef = 23197ED8154BA3830023521F /* sectioned_pie_chart.png */; };
		23197F0E154BA3830023521F /* SectionedPieChart.m in Sources */ = {isa = PBXBuildFile; fileRef = 23197EDA154BA3830023521F /* SectionedPieChart.m */; };
		23197F0F154BA3830023521F /* trophy.png in Resources */ = {isa = PBXBuildFile; fileRef = 23197EDB154BA3830023521F /* trophy.png */; };
		23197F15154BA4510023521F /* ListBasicPieCharts.m in Sources */ = {isa = PBXBuildFile; fileRef = 23197F14154BA4510023521F /* ListBasicPieCharts.m */; };
		23197F3E154DF0440023521F /* CoreText.framework in Frameworks */ = {isa = PBXBuildFile; fileRef = 23197F3D154DF0440023521F /* CoreText.framework */; };
		23197F48154DF0880023521F /* QuartzCore.framework in Frameworks */ = {isa = PBXBuildFile; fileRef = 23197F47154DF0880023521F /* QuartzCore.framework */; };
		23197F4B154DF6EB0023521F /* ListBasicPieCharts.xib in Resources */ = {isa = PBXBuildFile; fileRef = 23197F4A154DF6EA0023521F /* ListBasicPieCharts.xib */; };
		23197F4F154E25460023521F /* ChartAnimation.m in Sources */ = {isa = PBXBuildFile; fileRef = 23197F4D154E25440023521F /* ChartAnimation.m */; };
		23197F50154E25460023521F /* ChartAnimation.xib in Resources */ = {isa = PBXBuildFile; fileRef = 23197F4E154E25450023521F /* ChartAnimation.xib */; };
		23197F54154E46710023521F /* ListBevelPieCharts.m in Sources */ = {isa = PBXBuildFile; fileRef = 23197F52154E46700023521F /* ListBevelPieCharts.m */; };
		23197F55154E46710023521F /* ListBevelPieCharts.xib in Resources */ = {isa = PBXBuildFile; fileRef = 23197F53154E46710023521F /* ListBevelPieCharts.xib */; };
		23197F5E154EFB310023521F /* TestLineClass.m in Sources */ = {isa = PBXBuildFile; fileRef = 23197F5D154EFB310023521F /* TestLineClass.m */; };
		23197F62154F25850023521F /* TestLineClass.xib in Resources */ = {isa = PBXBuildFile; fileRef = 23197F61154F25850023521F /* TestLineClass.xib */; };
		23197F73154F79480023521F /* BarTestClass.m in Sources */ = {isa = PBXBuildFile; fileRef = 23197F6C154F79470023521F /* BarTestClass.m */; };
		23197F75154F79480023521F /* GroupBarTestClass.m in Sources */ = {isa = PBXBuildFile; fileRef = 23197F70154F79480023521F /* GroupBarTestClass.m */; };
		23197F76154F79480023521F /* WallTestClass.m in Sources */ = {isa = PBXBuildFile; fileRef = 23197F72154F79480023521F /* WallTestClass.m */; };
		23197F7E154F7EDC0023521F /* TestClassFragmented.m in Sources */ = {isa = PBXBuildFile; fileRef = 23197F7D154F7EDB0023521F /* TestClassFragmented.m */; };
		23197F82154F818F0023521F /* TestClassFragmented.xib in Resources */ = {isa = PBXBuildFile; fileRef = 23197F81154F818F0023521F /* TestClassFragmented.xib */; };
		23197F88154F96EE0023521F /* BarTestClass.xib in Resources */ = {isa = PBXBuildFile; fileRef = 23197F87154F96ED0023521F /* BarTestClass.xib */; };
		23197F8C154F97CB0023521F /* GroupBarTestClass.xib in Resources */ = {isa = PBXBuildFile; fileRef = 23197F8B154F97CB0023521F /* GroupBarTestClass.xib */; };
		23197F8E154F981D0023521F /* WallTestClass.xib in Resources */ = {isa = PBXBuildFile; fileRef = 23197F8D154F981C0023521F /* WallTestClass.xib */; };
		235C086F15A5F3C2006E9BED /* MIMMeter.m in Sources */ = {isa = PBXBuildFile; fileRef = 235C086E15A5F3C2006E9BED /* MIMMeter.m */; };
		235C23F91548BBAD00919081 /* UIKit.framework in Frameworks */ = {isa = PBXBuildFile; fileRef = 235C23F81548BBAD00919081 /* UIKit.framework */; };
		235C23FB1548BBAD00919081 /* Foundation.framework in Frameworks */ = {isa = PBXBuildFile; fileRef = 235C23FA1548BBAD00919081 /* Foundation.framework */; };
		235C23FD1548BBAD00919081 /* CoreGraphics.framework in Frameworks */ = {isa = PBXBuildFile; fileRef = 235C23FC1548BBAD00919081 /* CoreGraphics.framework */; };
		235C24031548BBAD00919081 /* InfoPlist.strings in Resources */ = {isa = PBXBuildFile; fileRef = 235C24011548BBAD00919081 /* InfoPlist.strings */; };
		235C24051548BBAD00919081 /* main.m in Sources */ = {isa = PBXBuildFile; fileRef = 235C24041548BBAD00919081 /* main.m */; };
		235C24091548BBAD00919081 /* AppDelegate.m in Sources */ = {isa = PBXBuildFile; fileRef = 235C24081548BBAD00919081 /* AppDelegate.m */; };
		235C24121548BBE600919081 /* MainController.m in Sources */ = {isa = PBXBuildFile; fileRef = 235C24101548BBE600919081 /* MainController.m */; };
		235C24131548BBE600919081 /* MainController.xib in Resources */ = {isa = PBXBuildFile; fileRef = 235C24111548BBE600919081 /* MainController.xib */; };
		235C24391548D24C00919081 /* Level2iPadController.m in Sources */ = {isa = PBXBuildFile; fileRef = 235C24371548D24C00919081 /* Level2iPadController.m */; };
		235C243A1548D24C00919081 /* Level2iPadController.xib in Resources */ = {isa = PBXBuildFile; fileRef = 235C24381548D24C00919081 /* Level2iPadController.xib */; };
		237C8CB71564AA35004EC65A /* pajarito1.png in Resources */ = {isa = PBXBuildFile; fileRef = 237C8CB01564AA35004EC65A /* pajarito1.png */; };
		237C8CB81564AA35004EC65A /* pajarito2.png in Resources */ = {isa = PBXBuildFile; fileRef = 237C8CB11564AA35004EC65A /* pajarito2.png */; };
		237C8CB91564AA35004EC65A /* pajarito3.png in Resources */ = {isa = PBXBuildFile; fileRef = 237C8CB21564AA35004EC65A /* pajarito3.png */; };
		237C8CBA1564AA35004EC65A /* pajarito4.png in Resources */ = {isa = PBXBuildFile; fileRef = 237C8CB31564AA35004EC65A /* pajarito4.png */; };
		237C8CBB1564AA35004EC65A /* pajarito5.png in Resources */ = {isa = PBXBuildFile; fileRef = 237C8CB41564AA35004EC65A /* pajarito5.png */; };
		237C8CBC1564AA35004EC65A /* pajarito6.png in Resources */ = {isa = PBXBuildFile; fileRef = 237C8CB51564AA35004EC65A /* pajarito6.png */; };
		237C8CBD1564AA35004EC65A /* pajarito7.png in Resources */ = {isa = PBXBuildFile; fileRef = 237C8CB61564AA35004EC65A /* pajarito7.png */; };
		237CBBEE15AD05EC008C693A /* BarInfoBox.m in Sources */ = {isa = PBXBuildFile; fileRef = 237CBBED15AD05EC008C693A /* BarInfoBox.m */; };
		237F125E156D37E300A259FC /* MIM_MathClass.m in Sources */ = {isa = PBXBuildFile; fileRef = 237F125D156D37E200A259FC /* MIM_MathClass.m */; };
		2384DAF01573EBA100F9F126 /* StackedBarTestClass.m in Sources */ = {isa = PBXBuildFile; fileRef = 2384DAEE1573EBA100F9F126 /* StackedBarTestClass.m */; };
		2384DAF11573EBA100F9F126 /* StackedBarTestClass.xib in Resources */ = {isa = PBXBuildFile; fileRef = 2384DAEF1573EBA100F9F126 /* StackedBarTestClass.xib */; };
		2384DAFA1573F4AA00F9F126 /* MultiWallLongGraph.m in Sources */ = {isa = PBXBuildFile; fileRef = 2384DAF91573F4AA00F9F126 /* MultiWallLongGraph.m */; };
		238C0C5E15BF57D700AF1382 /* MultipleBarViews.m in Sources */ = {isa = PBXBuildFile; fileRef = 238C0C5C15BF57D700AF1382 /* MultipleBarViews.m */; };
		238C0C5F15BF57D700AF1382 /* MultipleBarViews.xib in Resources */ = {isa = PBXBuildFile; fileRef = 238C0C5D15BF57D700AF1382 /* MultipleBarViews.xib */; };
		238C0C6415BF8FED00AF1382 /* TestLineClass2.m in Sources */ = {isa = PBXBuildFile; fileRef = 238C0C6215BF8FED00AF1382 /* TestLineClass2.m */; };
		238C0C6515BF8FED00AF1382 /* TestLineClass2.xib in Resources */ = {isa = PBXBuildFile; fileRef = 238C0C6315BF8FED00AF1382 /* TestLineClass2.xib */; };
		23A7485F15BB940100E35409 /* MIMProperties.m in Sources */ = {isa = PBXBuildFile; fileRef = 23A7485E15BB940000E35409 /* MIMProperties.m */; };
		23BD8E40156EE1B90098E85D /* LineScrollView.m in Sources */ = {isa = PBXBuildFile; fileRef = 23BD8E3F156EE1B90098E85D /* LineScrollView.m */; };
		23BD8E42156EE3AB0098E85D /* data3.csv in Resources */ = {isa = PBXBuildFile; fileRef = 23BD8E41156EE3AB0098E85D /* data3.csv */; };
		23BD8E4B156FE5810098E85D /* data4.csv in Resources */ = {isa = PBXBuildFile; fileRef = 23BD8E4A156FE5800098E85D /* data4.csv */; };
		23CE0D15156467E80078BCC5 /* DefaultInfoBox.m in Sources */ = {isa = PBXBuildFile; fileRef = 23CE0D14156467E70078BCC5 /* DefaultInfoBox.m */; };
		23CE0D19156468020078BCC5 /* InfoBoxStyle1.m in Sources */ = {isa = PBXBuildFile; fileRef = 23CE0D18156468010078BCC5 /* InfoBoxStyle1.m */; };
		23CE0D1C156468100078BCC5 /* InfoBoxStyle2.m in Sources */ = {isa = PBXBuildFile; fileRef = 23CE0D1B156468100078BCC5 /* InfoBoxStyle2.m */; };
		23CE0D211564868A0078BCC5 /* DefaultInfoBoxTestClass.m in Sources */ = {isa = PBXBuildFile; fileRef = 23CE0D1F1564868A0078BCC5 /* DefaultInfoBoxTestClass.m */; };
		23CE0D221564868A0078BCC5 /* DefaultInfoBoxTestClass.xib in Resources */ = {isa = PBXBuildFile; fileRef = 23CE0D201564868A0078BCC5 /* DefaultInfoBoxTestClass.xib */; };
		23CE0D26156486C90078BCC5 /* InfoBoxStyle1TestClass.m in Sources */ = {isa = PBXBuildFile; fileRef = 23CE0D24156486C80078BCC5 /* InfoBoxStyle1TestClass.m */; };
		23CE0D27156486C90078BCC5 /* InfoBoxStyle1TestClass.xib in Resources */ = {isa = PBXBuildFile; fileRef = 23CE0D25156486C80078BCC5 /* InfoBoxStyle1TestClass.xib */; };
		23CE0D2B156486E90078BCC5 /* InfoBoxStyle2TestClass.m in Sources */ = {isa = PBXBuildFile; fileRef = 23CE0D29156486E80078BCC5 /* InfoBoxStyle2TestClass.m */; };
		23CE0D2C156486E90078BCC5 /* InfoBoxStyle2TestClass.xib in Resources */ = {isa = PBXBuildFile; fileRef = 23CE0D2A156486E80078BCC5 /* InfoBoxStyle2TestClass.xib */; };
		23E59BBB15A38B79008FFDF0 /* GaugeGraph.m in Sources */ = {isa = PBXBuildFile; fileRef = 23E59BBA15A38B79008FFDF0 /* GaugeGraph.m */; };
		23E59BBE15A38E47008FFDF0 /* GaugeGraphTestClass.m in Sources */ = {isa = PBXBuildFile; fileRef = 23E59BBD15A38E47008FFDF0 /* GaugeGraphTestClass.m */; };
		23E5FE9C1561B52A00EBE200 /* ListPaddedPieCharts.m in Sources */ = {isa = PBXBuildFile; fileRef = 23E5FE9A1561B52A00EBE200 /* ListPaddedPieCharts.m */; };
		23E5FE9D1561B52A00EBE200 /* ListPaddedPieCharts.xib in Resources */ = {isa = PBXBuildFile; fileRef = 23E5FE9B1561B52A00EBE200 /* ListPaddedPieCharts.xib */; };
		23E5FEA21561C14B00EBE200 /* ListSectionedPieCharts.m in Sources */ = {isa = PBXBuildFile; fileRef = 23E5FEA01561C14A00EBE200 /* ListSectionedPieCharts.m */; };
		23E5FEA31561C14B00EBE200 /* ListSectionedPieCharts.xib in Resources */ = {isa = PBXBuildFile; fileRef = 23E5FEA11561C14B00EBE200 /* ListSectionedPieCharts.xib */; };
		23E5FEA71561C17400EBE200 /* ListBiTransPieChart.m in Sources */ = {isa = PBXBuildFile; fileRef = 23E5FEA51561C17400EBE200 /* ListBiTransPieChart.m */; };
		23E5FEA81561C17400EBE200 /* ListBiTransPieChart.xib in Resources */ = {isa = PBXBuildFile; fileRef = 23E5FEA61561C17400EBE200 /* ListBiTransPieChart.xib */; };
		23E5FEB21561C8FD00EBE200 /* trans_icon.png in Resources */ = {isa = PBXBuildFile; fileRef = 23E5FEB11561C8FD00EBE200 /* trans_icon.png */; };
		23E5FEB81561FC8000EBE200 /* DefaultDetailView.m in Sources */ = {isa = PBXBuildFile; fileRef = 23E5FEB61561FC7F00EBE200 /* DefaultDetailView.m */; };
		23E5FEB91561FC8000EBE200 /* DefaultDetailView.xib in Resources */ = {isa = PBXBuildFile; fileRef = 23E5FEB71561FC7F00EBE200 /* DefaultDetailView.xib */; };
		23E5FF0D1563102900EBE200 /* UserDefinedDetailView.m in Sources */ = {isa = PBXBuildFile; fileRef = 23E5FF0B1563102900EBE200 /* UserDefinedDetailView.m */; };
		23E5FF0E1563102900EBE200 /* UserDefinedDetailView.xib in Resources */ = {isa = PBXBuildFile; fileRef = 23E5FF0C1563102900EBE200 /* UserDefinedDetailView.xib */; };
		23E5FF211563114700EBE200 /* bird1.jpg in Resources */ = {isa = PBXBuildFile; fileRef = 23E5FF101563114700EBE200 /* bird1.jpg */; };
		23E5FF221563114700EBE200 /* bird2.jpg in Resources */ = {isa = PBXBuildFile; fileRef = 23E5FF111563114700EBE200 /* bird2.jpg */; };
		23E5FF231563114700EBE200 /* bird3.jpg in Resources */ = {isa = PBXBuildFile; fileRef = 23E5FF121563114700EBE200 /* bird3.jpg */; };
		23E5FF241563114700EBE200 /* bird4.jpg in Resources */ = {isa = PBXBuildFile; fileRef = 23E5FF131563114700EBE200 /* bird4.jpg */; };
		23E5FF251563114700EBE200 /* dog1.jpg in Resources */ = {isa = PBXBuildFile; fileRef = 23E5FF141563114700EBE200 /* dog1.jpg */; };
		23E5FF261563114700EBE200 /* dog2.jpg in Resources */ = {isa = PBXBuildFile; fileRef = 23E5FF151563114700EBE200 /* dog2.jpg */; };
		23E5FF271563114700EBE200 /* dog3.jpg in Resources */ = {isa = PBXBuildFile; fileRef = 23E5FF161563114700EBE200 /* dog3.jpg */; };
		23E5FF281563114700EBE200 /* feline1.jpg in Resources */ = {isa = PBXBuildFile; fileRef = 23E5FF171563114700EBE200 /* feline1.jpg */; };
		23E5FF291563114700EBE200 /* feline2.jpg in Resources */ = {isa = PBXBuildFile; fileRef = 23E5FF181563114700EBE200 /* feline2.jpg */; };
		23E5FF2A1563114700EBE200 /* feline3.jpg in Resources */ = {isa = PBXBuildFile; fileRef = 23E5FF191563114700EBE200 /* feline3.jpg */; };
		23E5FF2B1563114700EBE200 /* ham1.jpg in Resources */ = {isa = PBXBuildFile; fileRef = 23E5FF1A1563114700EBE200 /* ham1.jpg */; };
		23E5FF2C1563114700EBE200 /* ham2.jpg in Resources */ = {isa = PBXBuildFile; fileRef = 23E5FF1B1563114700EBE200 /* ham2.jpg */; };
		23E5FF2D1563114700EBE200 /* ham3.jpg in Resources */ = {isa = PBXBuildFile; fileRef = 23E5FF1C1563114700EBE200 /* ham3.jpg */; };
		23E5FF2E1563114700EBE200 /* horse1.jpg in Resources */ = {isa = PBXBuildFile; fileRef = 23E5FF1D1563114700EBE200 /* horse1.jpg */; };
		23E5FF2F1563114700EBE200 /* horse2.jpg in Resources */ = {isa = PBXBuildFile; fileRef = 23E5FF1E1563114700EBE200 /* horse2.jpg */; };
		23E5FF301563114700EBE200 /* rabbit1.jpg in Resources */ = {isa = PBXBuildFile; fileRef = 23E5FF1F1563114700EBE200 /* rabbit1.jpg */; };
		23E5FF311563114700EBE200 /* rabbit2.jpg in Resources */ = {isa = PBXBuildFile; fileRef = 23E5FF201563114700EBE200 /* rabbit2.jpg */; };
		23E5FF351563258D00EBE200 /* DetailViewStyle2.m in Sources */ = {isa = PBXBuildFile; fileRef = 23E5FF331563258900EBE200 /* DetailViewStyle2.m */; };
		23E5FF361563258D00EBE200 /* DetailViewStyle2.xib in Resources */ = {isa = PBXBuildFile; fileRef = 23E5FF341563258B00EBE200 /* DetailViewStyle2.xib */; };
		23E5FF3A156328C800EBE200 /* DetailViewStyle3.m in Sources */ = {isa = PBXBuildFile; fileRef = 23E5FF38156328C400EBE200 /* DetailViewStyle3.m */; };
		23E5FF3B156328C800EBE200 /* DetailViewStyle3.xib in Resources */ = {isa = PBXBuildFile; fileRef = 23E5FF39156328C600EBE200 /* DetailViewStyle3.xib */; };
		23F9D33D1565A6D300A6FAE0 /* PermanentScroller.m in Sources */ = {isa = PBXBuildFile; fileRef = 23F9D33C1565A6D300A6FAE0 /* PermanentScroller.m */; };
		23F9D3401565B48600A6FAE0 /* ScrollViewSubClass.m in Sources */ = {isa = PBXBuildFile; fileRef = 23F9D33F1565B48500A6FAE0 /* ScrollViewSubClass.m */; };
		23F9D3471566D3C200A6FAE0 /* PieBubble.m in Sources */ = {isa = PBXBuildFile; fileRef = 23F9D3461566D3C100A6FAE0 /* PieBubble.m */; };
/* End PBXBuildFile section */

/* Begin PBXFileReference section */
		2308011915A3ED3800544123 /* MIMLineGraph.h */ = {isa = PBXFileReference; fileEncoding = 4; lastKnownFileType = sourcecode.c.h; path = MIMLineGraph.h; sourceTree = "<group>"; };
		2308011A15A3ED3800544123 /* MIMLineGraph.m */ = {isa = PBXFileReference; fileEncoding = 4; lastKnownFileType = sourcecode.c.objc; path = MIMLineGraph.m; sourceTree = "<group>"; };
		2308011C15A3FAD100544123 /* MultiLineLongGraph.h */ = {isa = PBXFileReference; fileEncoding = 4; lastKnownFileType = sourcecode.c.h; path = MultiLineLongGraph.h; sourceTree = "<group>"; };
		2308011D15A3FAD100544123 /* MultiLineLongGraph.m */ = {isa = PBXFileReference; fileEncoding = 4; lastKnownFileType = sourcecode.c.objc; path = MultiLineLongGraph.m; sourceTree = "<group>"; };
		2308011F15A3FBEF00544123 /* MIMWallGraph.h */ = {isa = PBXFileReference; fileEncoding = 4; lastKnownFileType = sourcecode.c.h; path = MIMWallGraph.h; sourceTree = "<group>"; };
		2308012015A3FBEF00544123 /* MIMWallGraph.m */ = {isa = PBXFileReference; fileEncoding = 4; lastKnownFileType = sourcecode.c.objc; path = MIMWallGraph.m; sourceTree = "<group>"; };
		23197E85154BA3830023521F /* Anchor.h */ = {isa = PBXFileReference; fileEncoding = 4; lastKnownFileType = sourcecode.c.h; path = Anchor.h; sourceTree = "<group>"; };
		23197E86154BA3830023521F /* Anchor.m */ = {isa = PBXFileReference; fileEncoding = 4; lastKnownFileType = sourcecode.c.objc; path = Anchor.m; sourceTree = "<group>"; };
		23197E87154BA3830023521F /* AnchorInfo.h */ = {isa = PBXFileReference; fileEncoding = 4; lastKnownFileType = sourcecode.c.h; path = AnchorInfo.h; sourceTree = "<group>"; };
		23197E88154BA3830023521F /* AnchorInfo.m */ = {isa = PBXFileReference; fileEncoding = 4; lastKnownFileType = sourcecode.c.objc; path = AnchorInfo.m; sourceTree = "<group>"; };
		23197E89154BA3830023521F /* Constant.h */ = {isa = PBXFileReference; fileEncoding = 4; lastKnownFileType = sourcecode.c.h; path = Constant.h; sourceTree = "<group>"; };
		23197E8A154BA3830023521F /* CustomBox.h */ = {isa = PBXFileReference; fileEncoding = 4; lastKnownFileType = sourcecode.c.h; path = CustomBox.h; sourceTree = "<group>"; };
		23197E8B154BA3830023521F /* CustomBox.m */ = {isa = PBXFileReference; fileEncoding = 4; lastKnownFileType = sourcecode.c.objc; path = CustomBox.m; sourceTree = "<group>"; };
		23197E8C154BA3830023521F /* PageControl.h */ = {isa = PBXFileReference; fileEncoding = 4; lastKnownFileType = sourcecode.c.h; path = PageControl.h; sourceTree = "<group>"; };
		23197E8D154BA3830023521F /* PageControl.m */ = {isa = PBXFileReference; fileEncoding = 4; lastKnownFileType = sourcecode.c.objc; path = PageControl.m; sourceTree = "<group>"; };
		23197E8E154BA3830023521F /* XAxisBand.h */ = {isa = PBXFileReference; fileEncoding = 4; lastKnownFileType = sourcecode.c.h; path = XAxisBand.h; sourceTree = "<group>"; };
		23197E8F154BA3830023521F /* XAxisBand.m */ = {isa = PBXFileReference; fileEncoding = 4; lastKnownFileType = sourcecode.c.objc; path = XAxisBand.m; sourceTree = "<group>"; };
		23197E90154BA3830023521F /* XAxisLabel.h */ = {isa = PBXFileReference; fileEncoding = 4; lastKnownFileType = sourcecode.c.h; path = XAxisLabel.h; sourceTree = "<group>"; };
		23197E91154BA3830023521F /* XAxisLabel.m */ = {isa = PBXFileReference; fileEncoding = 4; lastKnownFileType = sourcecode.c.objc; path = XAxisLabel.m; sourceTree = "<group>"; };
		23197E92154BA3830023521F /* YAxisBand.h */ = {isa = PBXFileReference; fileEncoding = 4; lastKnownFileType = sourcecode.c.h; path = YAxisBand.h; sourceTree = "<group>"; };
		23197E93154BA3830023521F /* YAxisBand.m */ = {isa = PBXFileReference; fileEncoding = 4; lastKnownFileType = sourcecode.c.objc; path = YAxisBand.m; sourceTree = "<group>"; };
		23197E95154BA3830023521F /* MIMBarGraph.h */ = {isa = PBXFileReference; fileEncoding = 4; path = MIMBarGraph.h; sourceTree = "<group>"; };
		23197E96154BA3830023521F /* MIMBarGraph.m */ = {isa = PBXFileReference; fileEncoding = 4; lastKnownFileType = sourcecode.c.objc; path = MIMBarGraph.m; sourceTree = "<group>"; };
		23197E97154BA3830023521F /* BarView.h */ = {isa = PBXFileReference; fileEncoding = 4; lastKnownFileType = sourcecode.c.h; path = BarView.h; sourceTree = "<group>"; };
		23197E98154BA3830023521F /* BarView.m */ = {isa = PBXFileReference; fileEncoding = 4; lastKnownFileType = sourcecode.c.objc; path = BarView.m; sourceTree = "<group>"; };
		23197E9A154BA3830023521F /* Cluster.h */ = {isa = PBXFileReference; fileEncoding = 4; lastKnownFileType = sourcecode.c.h; path = Cluster.h; sourceTree = "<group>"; };
		23197E9B154BA3830023521F /* Cluster.m */ = {isa = PBXFileReference; fileEncoding = 4; lastKnownFileType = sourcecode.c.objc; path = Cluster.m; sourceTree = "<group>"; };
		23197E9C154BA3830023521F /* ClusterGraph.h */ = {isa = PBXFileReference; fileEncoding = 4; lastKnownFileType = sourcecode.c.h; path = ClusterGraph.h; sourceTree = "<group>"; };
		23197E9D154BA3830023521F /* ClusterGraph.m */ = {isa = PBXFileReference; fileEncoding = 4; lastKnownFileType = sourcecode.c.objc; path = ClusterGraph.m; sourceTree = "<group>"; };
		23197E9F154BA3830023521F /* MIMColor.h */ = {isa = PBXFileReference; fileEncoding = 4; lastKnownFileType = sourcecode.c.h; path = MIMColor.h; sourceTree = "<group>"; };
		23197EA0154BA3830023521F /* MIMColor.m */ = {isa = PBXFileReference; fileEncoding = 4; lastKnownFileType = sourcecode.c.objc; path = MIMColor.m; sourceTree = "<group>"; };
		23197EA1154BA3830023521F /* MIMColorClass.h */ = {isa = PBXFileReference; fileEncoding = 4; lastKnownFileType = sourcecode.c.h; path = MIMColorClass.h; sourceTree = "<group>"; };
		23197EA2154BA3830023521F /* MIMColorClass.m */ = {isa = PBXFileReference; fileEncoding = 4; lastKnownFileType = sourcecode.c.objc; path = MIMColorClass.m; sourceTree = "<group>"; };
		23197EA9154BA3830023521F /* 2DFragmentedDoughNut.h */ = {isa = PBXFileReference; fileEncoding = 4; lastKnownFileType = sourcecode.c.h; path = 2DFragmentedDoughNut.h; sourceTree = "<group>"; };
		23197EAA154BA3830023521F /* 2DFragmentedDoughNut.m */ = {isa = PBXFileReference; fileEncoding = 4; lastKnownFileType = sourcecode.c.objc; path = 2DFragmentedDoughNut.m; sourceTree = "<group>"; };
		23197EAB154BA3830023521F /* DoughtNutFragmentTitle.h */ = {isa = PBXFileReference; fileEncoding = 4; lastKnownFileType = sourcecode.c.h; path = DoughtNutFragmentTitle.h; sourceTree = "<group>"; };
		23197EAC154BA3830023521F /* DoughtNutFragmentTitle.m */ = {isa = PBXFileReference; fileEncoding = 4; lastKnownFileType = sourcecode.c.objc; path = DoughtNutFragmentTitle.m; sourceTree = "<group>"; };
		23197EB0154BA3830023521F /* LineInfoBox.h */ = {isa = PBXFileReference; fileEncoding = 4; lastKnownFileType = sourcecode.c.h; path = LineInfoBox.h; sourceTree = "<group>"; };
		23197EB1154BA3830023521F /* LineInfoBox.m */ = {isa = PBXFileReference; fileEncoding = 4; lastKnownFileType = sourcecode.c.objc; path = LineInfoBox.m; sourceTree = "<group>"; };
		23197EB2154BA3830023521F /* lines.png */ = {isa = PBXFileReference; lastKnownFileType = image.png; path = lines.png; sourceTree = "<group>"; };
		23197EB3154BA3830023521F /* lines1.png */ = {isa = PBXFileReference; lastKnownFileType = image.png; path = lines1.png; sourceTree = "<group>"; };
		23197EB5154BA3830023521F /* BasicPie.h */ = {isa = PBXFileReference; fileEncoding = 4; lastKnownFileType = sourcecode.c.h; path = BasicPie.h; sourceTree = "<group>"; };
		23197EB6154BA3830023521F /* BasicPie.m */ = {isa = PBXFileReference; fileEncoding = 4; lastKnownFileType = sourcecode.c.objc; path = BasicPie.m; sourceTree = "<group>"; };
		23197EB7154BA3830023521F /* BasicPieChart.h */ = {isa = PBXFileReference; fileEncoding = 4; lastKnownFileType = sourcecode.c.h; path = BasicPieChart.h; sourceTree = "<group>"; };
		23197EB8154BA3830023521F /* BasicPieChart.m */ = {isa = PBXFileReference; fileEncoding = 4; lastKnownFileType = sourcecode.c.objc; path = BasicPieChart.m; sourceTree = "<group>"; };
		23197EB9154BA3830023521F /* BasicPieChartSample.png */ = {isa = PBXFileReference; lastKnownFileType = image.png; path = BasicPieChartSample.png; sourceTree = "<group>"; };
		23197EBA154BA3830023521F /* BevelPieChart.h */ = {isa = PBXFileReference; fileEncoding = 4; lastKnownFileType = sourcecode.c.h; path = BevelPieChart.h; sourceTree = "<group>"; };
		23197EBB154BA3830023521F /* BevelPieChart.m */ = {isa = PBXFileReference; fileEncoding = 4; lastKnownFileType = sourcecode.c.objc; path = BevelPieChart.m; sourceTree = "<group>"; };
		23197EBC154BA3830023521F /* BevelPieChart.png */ = {isa = PBXFileReference; lastKnownFileType = image.png; path = BevelPieChart.png; sourceTree = "<group>"; };
		23197EBD154BA3830023521F /* BiTransPieChart.h */ = {isa = PBXFileReference; fileEncoding = 4; lastKnownFileType = sourcecode.c.h; path = BiTransPieChart.h; sourceTree = "<group>"; };
		23197EBE154BA3830023521F /* BiTransPieChart.m */ = {isa = PBXFileReference; fileEncoding = 4; lastKnownFileType = sourcecode.c.objc; path = BiTransPieChart.m; sourceTree = "<group>"; };
		23197EBF154BA3830023521F /* BiTransPieCHartSample.png */ = {isa = PBXFileReference; lastKnownFileType = image.png; path = BiTransPieCHartSample.png; sourceTree = "<group>"; };
		23197EC0154BA3830023521F /* DefaultPopOverForPieChart.h */ = {isa = PBXFileReference; fileEncoding = 4; lastKnownFileType = sourcecode.c.h; path = DefaultPopOverForPieChart.h; sourceTree = "<group>"; };
		23197EC1154BA3830023521F /* DefaultPopOverForPieChart.m */ = {isa = PBXFileReference; fileEncoding = 4; lastKnownFileType = sourcecode.c.objc; path = DefaultPopOverForPieChart.m; sourceTree = "<group>"; };
		23197EC2154BA3830023521F /* DetailPopOverStyle2.h */ = {isa = PBXFileReference; fileEncoding = 4; lastKnownFileType = sourcecode.c.h; path = DetailPopOverStyle2.h; sourceTree = "<group>"; };
		23197EC3154BA3830023521F /* DetailPopOverStyle2.m */ = {isa = PBXFileReference; fileEncoding = 4; lastKnownFileType = sourcecode.c.objc; path = DetailPopOverStyle2.m; sourceTree = "<group>"; };
		23197EC4154BA3830023521F /* LayeredPieChart.h */ = {isa = PBXFileReference; fileEncoding = 4; lastKnownFileType = sourcecode.c.h; path = LayeredPieChart.h; sourceTree = "<group>"; };
		23197EC5154BA3830023521F /* layeredpiechart.jpg */ = {isa = PBXFileReference; lastKnownFileType = image.jpeg; path = layeredpiechart.jpg; sourceTree = "<group>"; };
		23197EC6154BA3830023521F /* LayeredPieChart.m */ = {isa = PBXFileReference; fileEncoding = 4; lastKnownFileType = sourcecode.c.objc; path = LayeredPieChart.m; sourceTree = "<group>"; };
		23197EC7154BA3830023521F /* LeftTriangleIcon.png */ = {isa = PBXFileReference; lastKnownFileType = image.png; path = LeftTriangleIcon.png; sourceTree = "<group>"; };
		23197EC8154BA3830023521F /* LeftTriangleIconBlack.png */ = {isa = PBXFileReference; lastKnownFileType = image.png; path = LeftTriangleIconBlack.png; sourceTree = "<group>"; };
		23197EC9154BA3830023521F /* MIMPieChart.h */ = {isa = PBXFileReference; fileEncoding = 4; lastKnownFileType = sourcecode.c.h; path = MIMPieChart.h; sourceTree = "<group>"; };
		23197ECA154BA3830023521F /* MIMPieChart.m */ = {isa = PBXFileReference; fileEncoding = 4; lastKnownFileType = sourcecode.c.objc; path = MIMPieChart.m; sourceTree = "<group>"; };
		23197ECB154BA3830023521F /* MIMPieChartDelegate.h */ = {isa = PBXFileReference; fileEncoding = 4; lastKnownFileType = sourcecode.c.h; path = MIMPieChartDelegate.h; sourceTree = "<group>"; };
		23197ECC154BA3830023521F /* OthersPart1.png */ = {isa = PBXFileReference; lastKnownFileType = image.png; path = OthersPart1.png; sourceTree = "<group>"; };
		23197ECD154BA3830023521F /* otherspart2.png */ = {isa = PBXFileReference; lastKnownFileType = image.png; path = otherspart2.png; sourceTree = "<group>"; };
		23197ECE154BA3830023521F /* OthersPieChart.h */ = {isa = PBXFileReference; fileEncoding = 4; lastKnownFileType = sourcecode.c.h; path = OthersPieChart.h; sourceTree = "<group>"; };
		23197ECF154BA3830023521F /* OthersPieChart.m */ = {isa = PBXFileReference; fileEncoding = 4; lastKnownFileType = sourcecode.c.objc; path = OthersPieChart.m; sourceTree = "<group>"; };
		23197ED0154BA3830023521F /* padded_pie_chart.png */ = {isa = PBXFileReference; lastKnownFileType = image.png; path = padded_pie_chart.png; sourceTree = "<group>"; };
		23197ED1154BA3830023521F /* PaddedPieChart.h */ = {isa = PBXFileReference; fileEncoding = 4; lastKnownFileType = sourcecode.c.h; path = PaddedPieChart.h; sourceTree = "<group>"; };
		23197ED2154BA3830023521F /* PaddedPieChart.m */ = {isa = PBXFileReference; fileEncoding = 4; lastKnownFileType = sourcecode.c.objc; path = PaddedPieChart.m; sourceTree = "<group>"; };
		23197ED5154BA3830023521F /* pie_pop_over_gradient.jpg */ = {isa = PBXFileReference; lastKnownFileType = image.jpeg; path = pie_pop_over_gradient.jpg; sourceTree = "<group>"; };
		23197ED6154BA3830023521F /* RightTriangleIcon.png */ = {isa = PBXFileReference; lastKnownFileType = image.png; path = RightTriangleIcon.png; sourceTree = "<group>"; };
		23197ED7154BA3830023521F /* RightTriangleIconBlack.png */ = {isa = PBXFileReference; lastKnownFileType = image.png; path = RightTriangleIconBlack.png; sourceTree = "<group>"; };
		23197ED8154BA3830023521F /* sectioned_pie_chart.png */ = {isa = PBXFileReference; lastKnownFileType = image.png; path = sectioned_pie_chart.png; sourceTree = "<group>"; };
		23197ED9154BA3830023521F /* SectionedPieChart.h */ = {isa = PBXFileReference; fileEncoding = 4; lastKnownFileType = sourcecode.c.h; path = SectionedPieChart.h; sourceTree = "<group>"; };
		23197EDA154BA3830023521F /* SectionedPieChart.m */ = {isa = PBXFileReference; fileEncoding = 4; lastKnownFileType = sourcecode.c.objc; path = SectionedPieChart.m; sourceTree = "<group>"; };
		23197EDB154BA3830023521F /* trophy.png */ = {isa = PBXFileReference; lastKnownFileType = image.png; path = trophy.png; sourceTree = "<group>"; };
		23197F13154BA4510023521F /* ListBasicPieCharts.h */ = {isa = PBXFileReference; fileEncoding = 4; lastKnownFileType = sourcecode.c.h; path = ListBasicPieCharts.h; sourceTree = "<group>"; };
		23197F14154BA4510023521F /* ListBasicPieCharts.m */ = {isa = PBXFileReference; fileEncoding = 4; lastKnownFileType = sourcecode.c.objc; path = ListBasicPieCharts.m; sourceTree = "<group>"; };
		23197F3B154DEE150023521F /* AnchorDelegate.h */ = {isa = PBXFileReference; fileEncoding = 4; lastKnownFileType = sourcecode.c.h; path = AnchorDelegate.h; sourceTree = "<group>"; };
		23197F3D154DF0440023521F /* CoreText.framework */ = {isa = PBXFileReference; lastKnownFileType = wrapper.framework; name = CoreText.framework; path = System/Library/Frameworks/CoreText.framework; sourceTree = SDKROOT; };
		23197F47154DF0880023521F /* QuartzCore.framework */ = {isa = PBXFileReference; lastKnownFileType = wrapper.framework; name = QuartzCore.framework; path = System/Library/Frameworks/QuartzCore.framework; sourceTree = SDKROOT; };
		23197F4A154DF6EA0023521F /* ListBasicPieCharts.xib */ = {isa = PBXFileReference; fileEncoding = 4; lastKnownFileType = file.xib; path = ListBasicPieCharts.xib; sourceTree = "<group>"; };
		23197F4C154E25420023521F /* ChartAnimation.h */ = {isa = PBXFileReference; fileEncoding = 4; lastKnownFileType = sourcecode.c.h; path = ChartAnimation.h; sourceTree = "<group>"; };
		23197F4D154E25440023521F /* ChartAnimation.m */ = {isa = PBXFileReference; fileEncoding = 4; lastKnownFileType = sourcecode.c.objc; path = ChartAnimation.m; sourceTree = "<group>"; };
		23197F4E154E25450023521F /* ChartAnimation.xib */ = {isa = PBXFileReference; fileEncoding = 4; lastKnownFileType = file.xib; path = ChartAnimation.xib; sourceTree = "<group>"; };
		23197F51154E46700023521F /* ListBevelPieCharts.h */ = {isa = PBXFileReference; fileEncoding = 4; lastKnownFileType = sourcecode.c.h; path = ListBevelPieCharts.h; sourceTree = "<group>"; };
		23197F52154E46700023521F /* ListBevelPieCharts.m */ = {isa = PBXFileReference; fileEncoding = 4; lastKnownFileType = sourcecode.c.objc; path = ListBevelPieCharts.m; sourceTree = "<group>"; };
		23197F53154E46710023521F /* ListBevelPieCharts.xib */ = {isa = PBXFileReference; fileEncoding = 4; lastKnownFileType = file.xib; path = ListBevelPieCharts.xib; sourceTree = "<group>"; };
		23197F5C154EFB310023521F /* TestLineClass.h */ = {isa = PBXFileReference; fileEncoding = 4; lastKnownFileType = sourcecode.c.h; path = TestLineClass.h; sourceTree = "<group>"; };
		23197F5D154EFB310023521F /* TestLineClass.m */ = {isa = PBXFileReference; fileEncoding = 4; lastKnownFileType = sourcecode.c.objc; path = TestLineClass.m; sourceTree = "<group>"; };
		23197F60154F161F0023521F /* LineGraphDelegate.h */ = {isa = PBXFileReference; fileEncoding = 4; lastKnownFileType = sourcecode.c.h; path = LineGraphDelegate.h; sourceTree = "<group>"; };
		23197F61154F25850023521F /* TestLineClass.xib */ = {isa = PBXFileReference; fileEncoding = 4; lastKnownFileType = file.xib; path = TestLineClass.xib; sourceTree = "<group>"; };
		23197F6B154F79470023521F /* BarTestClass.h */ = {isa = PBXFileReference; fileEncoding = 4; lastKnownFileType = sourcecode.c.h; path = BarTestClass.h; sourceTree = "<group>"; };
		23197F6C154F79470023521F /* BarTestClass.m */ = {isa = PBXFileReference; fileEncoding = 4; lastKnownFileType = sourcecode.c.objc; path = BarTestClass.m; sourceTree = "<group>"; };
		23197F6F154F79470023521F /* GroupBarTestClass.h */ = {isa = PBXFileReference; fileEncoding = 4; lastKnownFileType = sourcecode.c.h; path = GroupBarTestClass.h; sourceTree = "<group>"; };
		23197F70154F79480023521F /* GroupBarTestClass.m */ = {isa = PBXFileReference; fileEncoding = 4; lastKnownFileType = sourcecode.c.objc; path = GroupBarTestClass.m; sourceTree = "<group>"; };
		23197F71154F79480023521F /* WallTestClass.h */ = {isa = PBXFileReference; fileEncoding = 4; lastKnownFileType = sourcecode.c.h; path = WallTestClass.h; sourceTree = "<group>"; };
		23197F72154F79480023521F /* WallTestClass.m */ = {isa = PBXFileReference; fileEncoding = 4; lastKnownFileType = sourcecode.c.objc; path = WallTestClass.m; sourceTree = "<group>"; };
		23197F7C154F7EDB0023521F /* TestClassFragmented.h */ = {isa = PBXFileReference; fileEncoding = 4; lastKnownFileType = sourcecode.c.h; path = TestClassFragmented.h; sourceTree = "<group>"; };
		23197F7D154F7EDB0023521F /* TestClassFragmented.m */ = {isa = PBXFileReference; fileEncoding = 4; lastKnownFileType = sourcecode.c.objc; path = TestClassFragmented.m; sourceTree = "<group>"; };
		23197F80154F7FB50023521F /* FragmentedDoughNutDelegate.h */ = {isa = PBXFileReference; fileEncoding = 4; lastKnownFileType = sourcecode.c.h; path = FragmentedDoughNutDelegate.h; sourceTree = "<group>"; };
		23197F81154F818F0023521F /* TestClassFragmented.xib */ = {isa = PBXFileReference; fileEncoding = 4; lastKnownFileType = file.xib; path = TestClassFragmented.xib; sourceTree = "<group>"; };
		23197F83154F91C90023521F /* BarGraphDelegate.h */ = {isa = PBXFileReference; fileEncoding = 4; path = BarGraphDelegate.h; sourceTree = "<group>"; };
		23197F85154F92020023521F /* WallGraphDelegate.h */ = {isa = PBXFileReference; fileEncoding = 4; lastKnownFileType = sourcecode.c.h; path = WallGraphDelegate.h; sourceTree = "<group>"; };
		23197F86154F921D0023521F /* ClusterGraphDelegate.h */ = {isa = PBXFileReference; fileEncoding = 4; lastKnownFileType = sourcecode.c.h; path = ClusterGraphDelegate.h; sourceTree = "<group>"; };
		23197F87154F96ED0023521F /* BarTestClass.xib */ = {isa = PBXFileReference; fileEncoding = 4; lastKnownFileType = file.xib; path = BarTestClass.xib; sourceTree = "<group>"; };
		23197F8B154F97CB0023521F /* GroupBarTestClass.xib */ = {isa = PBXFileReference; fileEncoding = 4; lastKnownFileType = file.xib; path = GroupBarTestClass.xib; sourceTree = "<group>"; };
		23197F8D154F981C0023521F /* WallTestClass.xib */ = {isa = PBXFileReference; fileEncoding = 4; lastKnownFileType = file.xib; path = WallTestClass.xib; sourceTree = "<group>"; };
		235C086D15A5F3C2006E9BED /* MIMMeter.h */ = {isa = PBXFileReference; fileEncoding = 4; lastKnownFileType = sourcecode.c.h; path = MIMMeter.h; sourceTree = "<group>"; };
		235C086E15A5F3C2006E9BED /* MIMMeter.m */ = {isa = PBXFileReference; fileEncoding = 4; lastKnownFileType = sourcecode.c.objc; path = MIMMeter.m; sourceTree = "<group>"; };
		235C23F41548BBAD00919081 /* MIMChartLib.app */ = {isa = PBXFileReference; explicitFileType = wrapper.application; includeInIndex = 0; path = MIMChartLib.app; sourceTree = BUILT_PRODUCTS_DIR; };
		235C23F81548BBAD00919081 /* UIKit.framework */ = {isa = PBXFileReference; lastKnownFileType = wrapper.framework; name = UIKit.framework; path = System/Library/Frameworks/UIKit.framework; sourceTree = SDKROOT; };
		235C23FA1548BBAD00919081 /* Foundation.framework */ = {isa = PBXFileReference; lastKnownFileType = wrapper.framework; name = Foundation.framework; path = System/Library/Frameworks/Foundation.framework; sourceTree = SDKROOT; };
		235C23FC1548BBAD00919081 /* CoreGraphics.framework */ = {isa = PBXFileReference; lastKnownFileType = wrapper.framework; name = CoreGraphics.framework; path = System/Library/Frameworks/CoreGraphics.framework; sourceTree = SDKROOT; };
		235C24001548BBAD00919081 /* MIMChartLib-Info.plist */ = {isa = PBXFileReference; lastKnownFileType = text.plist.xml; path = "MIMChartLib-Info.plist"; sourceTree = "<group>"; };
		235C24021548BBAD00919081 /* en */ = {isa = PBXFileReference; lastKnownFileType = text.plist.strings; name = en; path = en.lproj/InfoPlist.strings; sourceTree = "<group>"; };
		235C24041548BBAD00919081 /* main.m */ = {isa = PBXFileReference; lastKnownFileType = sourcecode.c.objc; path = main.m; sourceTree = "<group>"; };
		235C24061548BBAD00919081 /* MIMChartLib-Prefix.pch */ = {isa = PBXFileReference; lastKnownFileType = sourcecode.c.h; path = "MIMChartLib-Prefix.pch"; sourceTree = "<group>"; };
		235C24071548BBAD00919081 /* AppDelegate.h */ = {isa = PBXFileReference; lastKnownFileType = sourcecode.c.h; path = AppDelegate.h; sourceTree = "<group>"; };
		235C24081548BBAD00919081 /* AppDelegate.m */ = {isa = PBXFileReference; lastKnownFileType = sourcecode.c.objc; path = AppDelegate.m; sourceTree = "<group>"; };
		235C240F1548BBE600919081 /* MainController.h */ = {isa = PBXFileReference; fileEncoding = 4; lastKnownFileType = sourcecode.c.h; path = MainController.h; sourceTree = "<group>"; };
		235C24101548BBE600919081 /* MainController.m */ = {isa = PBXFileReference; fileEncoding = 4; lastKnownFileType = sourcecode.c.objc; path = MainController.m; sourceTree = "<group>"; };
		235C24111548BBE600919081 /* MainController.xib */ = {isa = PBXFileReference; fileEncoding = 4; lastKnownFileType = file.xib; path = MainController.xib; sourceTree = "<group>"; };
		235C24361548D24C00919081 /* Level2iPadController.h */ = {isa = PBXFileReference; fileEncoding = 4; lastKnownFileType = sourcecode.c.h; name = Level2iPadController.h; path = MIMChartLib/Level2iPadController.h; sourceTree = SOURCE_ROOT; };
		235C24371548D24C00919081 /* Level2iPadController.m */ = {isa = PBXFileReference; fileEncoding = 4; lastKnownFileType = sourcecode.c.objc; name = Level2iPadController.m; path = MIMChartLib/Level2iPadController.m; sourceTree = SOURCE_ROOT; };
		235C24381548D24C00919081 /* Level2iPadController.xib */ = {isa = PBXFileReference; fileEncoding = 4; lastKnownFileType = file.xib; name = Level2iPadController.xib; path = MIMChartLib/Level2iPadController.xib; sourceTree = SOURCE_ROOT; };
		237C8CB01564AA35004EC65A /* pajarito1.png */ = {isa = PBXFileReference; lastKnownFileType = image.png; name = pajarito1.png; path = ../pajarito1.png; sourceTree = "<group>"; };
		237C8CB11564AA35004EC65A /* pajarito2.png */ = {isa = PBXFileReference; lastKnownFileType = image.png; name = pajarito2.png; path = ../pajarito2.png; sourceTree = "<group>"; };
		237C8CB21564AA35004EC65A /* pajarito3.png */ = {isa = PBXFileReference; lastKnownFileType = image.png; name = pajarito3.png; path = ../pajarito3.png; sourceTree = "<group>"; };
		237C8CB31564AA35004EC65A /* pajarito4.png */ = {isa = PBXFileReference; lastKnownFileType = image.png; name = pajarito4.png; path = ../pajarito4.png; sourceTree = "<group>"; };
		237C8CB41564AA35004EC65A /* pajarito5.png */ = {isa = PBXFileReference; lastKnownFileType = image.png; name = pajarito5.png; path = ../pajarito5.png; sourceTree = "<group>"; };
		237C8CB51564AA35004EC65A /* pajarito6.png */ = {isa = PBXFileReference; lastKnownFileType = image.png; name = pajarito6.png; path = ../pajarito6.png; sourceTree = "<group>"; };
		237C8CB61564AA35004EC65A /* pajarito7.png */ = {isa = PBXFileReference; lastKnownFileType = image.png; name = pajarito7.png; path = ../pajarito7.png; sourceTree = "<group>"; };
		237CBBEC15AD05EB008C693A /* BarInfoBox.h */ = {isa = PBXFileReference; fileEncoding = 4; lastKnownFileType = sourcecode.c.h; path = BarInfoBox.h; sourceTree = "<group>"; };
		237CBBED15AD05EC008C693A /* BarInfoBox.m */ = {isa = PBXFileReference; fileEncoding = 4; lastKnownFileType = sourcecode.c.objc; path = BarInfoBox.m; sourceTree = "<group>"; };
		237F125C156D37E100A259FC /* MIM_MathClass.h */ = {isa = PBXFileReference; fileEncoding = 4; lastKnownFileType = sourcecode.c.h; path = MIM_MathClass.h; sourceTree = "<group>"; };
		237F125D156D37E200A259FC /* MIM_MathClass.m */ = {isa = PBXFileReference; fileEncoding = 4; lastKnownFileType = sourcecode.c.objc; path = MIM_MathClass.m; sourceTree = "<group>"; };
		2384DAED1573EBA100F9F126 /* StackedBarTestClass.h */ = {isa = PBXFileReference; fileEncoding = 4; lastKnownFileType = sourcecode.c.h; path = StackedBarTestClass.h; sourceTree = "<group>"; };
		2384DAEE1573EBA100F9F126 /* StackedBarTestClass.m */ = {isa = PBXFileReference; fileEncoding = 4; lastKnownFileType = sourcecode.c.objc; path = StackedBarTestClass.m; sourceTree = "<group>"; };
		2384DAEF1573EBA100F9F126 /* StackedBarTestClass.xib */ = {isa = PBXFileReference; fileEncoding = 4; lastKnownFileType = file.xib; path = StackedBarTestClass.xib; sourceTree = "<group>"; };
		2384DAF81573F4AA00F9F126 /* MultiWallLongGraph.h */ = {isa = PBXFileReference; fileEncoding = 4; lastKnownFileType = sourcecode.c.h; path = MultiWallLongGraph.h; sourceTree = "<group>"; };
		2384DAF91573F4AA00F9F126 /* MultiWallLongGraph.m */ = {isa = PBXFileReference; fileEncoding = 4; lastKnownFileType = sourcecode.c.objc; path = MultiWallLongGraph.m; sourceTree = "<group>"; };
		238C0C5B15BF57D700AF1382 /* MultipleBarViews.h */ = {isa = PBXFileReference; fileEncoding = 4; lastKnownFileType = sourcecode.c.h; path = MultipleBarViews.h; sourceTree = "<group>"; };
		238C0C5C15BF57D700AF1382 /* MultipleBarViews.m */ = {isa = PBXFileReference; fileEncoding = 4; lastKnownFileType = sourcecode.c.objc; path = MultipleBarViews.m; sourceTree = "<group>"; };
		238C0C5D15BF57D700AF1382 /* MultipleBarViews.xib */ = {isa = PBXFileReference; fileEncoding = 4; lastKnownFileType = file.xib; path = MultipleBarViews.xib; sourceTree = "<group>"; };
		238C0C6115BF8FEC00AF1382 /* TestLineClass2.h */ = {isa = PBXFileReference; fileEncoding = 4; lastKnownFileType = sourcecode.c.h; path = TestLineClass2.h; sourceTree = "<group>"; };
		238C0C6215BF8FED00AF1382 /* TestLineClass2.m */ = {isa = PBXFileReference; fileEncoding = 4; lastKnownFileType = sourcecode.c.objc; path = TestLineClass2.m; sourceTree = "<group>"; };
		238C0C6315BF8FED00AF1382 /* TestLineClass2.xib */ = {isa = PBXFileReference; fileEncoding = 4; lastKnownFileType = file.xib; path = TestLineClass2.xib; sourceTree = "<group>"; };
		23A7485D15BB940000E35409 /* MIMProperties.h */ = {isa = PBXFileReference; fileEncoding = 4; lastKnownFileType = sourcecode.c.h; path = MIMProperties.h; sourceTree = "<group>"; };
		23A7485E15BB940000E35409 /* MIMProperties.m */ = {isa = PBXFileReference; fileEncoding = 4; lastKnownFileType = sourcecode.c.objc; path = MIMProperties.m; sourceTree = "<group>"; };
		23BD8E3E156EE1B90098E85D /* LineScrollView.h */ = {isa = PBXFileReference; fileEncoding = 4; lastKnownFileType = sourcecode.c.h; name = LineScrollView.h; path = "../Line Graph/LineScrollView.h"; sourceTree = "<group>"; };
		23BD8E3F156EE1B90098E85D /* LineScrollView.m */ = {isa = PBXFileReference; fileEncoding = 4; lastKnownFileType = sourcecode.c.objc; name = LineScrollView.m; path = "../Line Graph/LineScrollView.m"; sourceTree = "<group>"; };
		23BD8E41156EE3AB0098E85D /* data3.csv */ = {isa = PBXFileReference; fileEncoding = 4; lastKnownFileType = text; path = data3.csv; sourceTree = "<group>"; };
		23BD8E4A156FE5800098E85D /* data4.csv */ = {isa = PBXFileReference; fileEncoding = 4; lastKnownFileType = text; path = data4.csv; sourceTree = "<group>"; };
		23CE0D13156467E70078BCC5 /* DefaultInfoBox.h */ = {isa = PBXFileReference; fileEncoding = 4; lastKnownFileType = sourcecode.c.h; path = DefaultInfoBox.h; sourceTree = "<group>"; };
		23CE0D14156467E70078BCC5 /* DefaultInfoBox.m */ = {isa = PBXFileReference; fileEncoding = 4; lastKnownFileType = sourcecode.c.objc; path = DefaultInfoBox.m; sourceTree = "<group>"; };
		23CE0D17156468010078BCC5 /* InfoBoxStyle1.h */ = {isa = PBXFileReference; fileEncoding = 4; lastKnownFileType = sourcecode.c.h; path = InfoBoxStyle1.h; sourceTree = "<group>"; };
		23CE0D18156468010078BCC5 /* InfoBoxStyle1.m */ = {isa = PBXFileReference; fileEncoding = 4; lastKnownFileType = sourcecode.c.objc; path = InfoBoxStyle1.m; sourceTree = "<group>"; };
		23CE0D1A156468100078BCC5 /* InfoBoxStyle2.h */ = {isa = PBXFileReference; fileEncoding = 4; lastKnownFileType = sourcecode.c.h; path = InfoBoxStyle2.h; sourceTree = "<group>"; };
		23CE0D1B156468100078BCC5 /* InfoBoxStyle2.m */ = {isa = PBXFileReference; fileEncoding = 4; lastKnownFileType = sourcecode.c.objc; path = InfoBoxStyle2.m; sourceTree = "<group>"; };
		23CE0D1E1564868A0078BCC5 /* DefaultInfoBoxTestClass.h */ = {isa = PBXFileReference; fileEncoding = 4; lastKnownFileType = sourcecode.c.h; path = DefaultInfoBoxTestClass.h; sourceTree = "<group>"; };
		23CE0D1F1564868A0078BCC5 /* DefaultInfoBoxTestClass.m */ = {isa = PBXFileReference; fileEncoding = 4; lastKnownFileType = sourcecode.c.objc; path = DefaultInfoBoxTestClass.m; sourceTree = "<group>"; };
		23CE0D201564868A0078BCC5 /* DefaultInfoBoxTestClass.xib */ = {isa = PBXFileReference; fileEncoding = 4; lastKnownFileType = file.xib; path = DefaultInfoBoxTestClass.xib; sourceTree = "<group>"; };
		23CE0D23156486C80078BCC5 /* InfoBoxStyle1TestClass.h */ = {isa = PBXFileReference; fileEncoding = 4; lastKnownFileType = sourcecode.c.h; path = InfoBoxStyle1TestClass.h; sourceTree = "<group>"; };
		23CE0D24156486C80078BCC5 /* InfoBoxStyle1TestClass.m */ = {isa = PBXFileReference; fileEncoding = 4; lastKnownFileType = sourcecode.c.objc; path = InfoBoxStyle1TestClass.m; sourceTree = "<group>"; };
		23CE0D25156486C80078BCC5 /* InfoBoxStyle1TestClass.xib */ = {isa = PBXFileReference; fileEncoding = 4; lastKnownFileType = file.xib; path = InfoBoxStyle1TestClass.xib; sourceTree = "<group>"; };
		23CE0D28156486E80078BCC5 /* InfoBoxStyle2TestClass.h */ = {isa = PBXFileReference; fileEncoding = 4; lastKnownFileType = sourcecode.c.h; path = InfoBoxStyle2TestClass.h; sourceTree = "<group>"; };
		23CE0D29156486E80078BCC5 /* InfoBoxStyle2TestClass.m */ = {isa = PBXFileReference; fileEncoding = 4; lastKnownFileType = sourcecode.c.objc; path = InfoBoxStyle2TestClass.m; sourceTree = "<group>"; };
		23CE0D2A156486E80078BCC5 /* InfoBoxStyle2TestClass.xib */ = {isa = PBXFileReference; fileEncoding = 4; lastKnownFileType = file.xib; path = InfoBoxStyle2TestClass.xib; sourceTree = "<group>"; };
		23E59BB915A38B79008FFDF0 /* GaugeGraph.h */ = {isa = PBXFileReference; fileEncoding = 4; lastKnownFileType = sourcecode.c.h; path = GaugeGraph.h; sourceTree = "<group>"; };
		23E59BBA15A38B79008FFDF0 /* GaugeGraph.m */ = {isa = PBXFileReference; fileEncoding = 4; lastKnownFileType = sourcecode.c.objc; path = GaugeGraph.m; sourceTree = "<group>"; };
		23E59BBC15A38E46008FFDF0 /* GaugeGraphTestClass.h */ = {isa = PBXFileReference; fileEncoding = 4; lastKnownFileType = sourcecode.c.h; path = GaugeGraphTestClass.h; sourceTree = "<group>"; };
		23E59BBD15A38E47008FFDF0 /* GaugeGraphTestClass.m */ = {isa = PBXFileReference; fileEncoding = 4; lastKnownFileType = sourcecode.c.objc; path = GaugeGraphTestClass.m; sourceTree = "<group>"; };
		23E5FE991561B52A00EBE200 /* ListPaddedPieCharts.h */ = {isa = PBXFileReference; fileEncoding = 4; lastKnownFileType = sourcecode.c.h; path = ListPaddedPieCharts.h; sourceTree = "<group>"; };
		23E5FE9A1561B52A00EBE200 /* ListPaddedPieCharts.m */ = {isa = PBXFileReference; fileEncoding = 4; lastKnownFileType = sourcecode.c.objc; path = ListPaddedPieCharts.m; sourceTree = "<group>"; };
		23E5FE9B1561B52A00EBE200 /* ListPaddedPieCharts.xib */ = {isa = PBXFileReference; fileEncoding = 4; lastKnownFileType = file.xib; path = ListPaddedPieCharts.xib; sourceTree = "<group>"; };
		23E5FE9F1561C14A00EBE200 /* ListSectionedPieCharts.h */ = {isa = PBXFileReference; fileEncoding = 4; lastKnownFileType = sourcecode.c.h; path = ListSectionedPieCharts.h; sourceTree = "<group>"; };
		23E5FEA01561C14A00EBE200 /* ListSectionedPieCharts.m */ = {isa = PBXFileReference; fileEncoding = 4; lastKnownFileType = sourcecode.c.objc; path = ListSectionedPieCharts.m; sourceTree = "<group>"; };
		23E5FEA11561C14B00EBE200 /* ListSectionedPieCharts.xib */ = {isa = PBXFileReference; fileEncoding = 4; lastKnownFileType = file.xib; path = ListSectionedPieCharts.xib; sourceTree = "<group>"; };
		23E5FEA41561C17400EBE200 /* ListBiTransPieChart.h */ = {isa = PBXFileReference; fileEncoding = 4; lastKnownFileType = sourcecode.c.h; path = ListBiTransPieChart.h; sourceTree = "<group>"; };
		23E5FEA51561C17400EBE200 /* ListBiTransPieChart.m */ = {isa = PBXFileReference; fileEncoding = 4; lastKnownFileType = sourcecode.c.objc; path = ListBiTransPieChart.m; sourceTree = "<group>"; };
		23E5FEA61561C17400EBE200 /* ListBiTransPieChart.xib */ = {isa = PBXFileReference; fileEncoding = 4; lastKnownFileType = file.xib; path = ListBiTransPieChart.xib; sourceTree = "<group>"; };
		23E5FEB11561C8FD00EBE200 /* trans_icon.png */ = {isa = PBXFileReference; lastKnownFileType = image.png; path = trans_icon.png; sourceTree = "<group>"; };
		23E5FEB51561FC7E00EBE200 /* DefaultDetailView.h */ = {isa = PBXFileReference; fileEncoding = 4; lastKnownFileType = sourcecode.c.h; path = DefaultDetailView.h; sourceTree = "<group>"; };
		23E5FEB61561FC7F00EBE200 /* DefaultDetailView.m */ = {isa = PBXFileReference; fileEncoding = 4; lastKnownFileType = sourcecode.c.objc; path = DefaultDetailView.m; sourceTree = "<group>"; };
		23E5FEB71561FC7F00EBE200 /* DefaultDetailView.xib */ = {isa = PBXFileReference; fileEncoding = 4; lastKnownFileType = file.xib; path = DefaultDetailView.xib; sourceTree = "<group>"; };
		23E5FF0A1563102800EBE200 /* UserDefinedDetailView.h */ = {isa = PBXFileReference; fileEncoding = 4; lastKnownFileType = sourcecode.c.h; path = UserDefinedDetailView.h; sourceTree = "<group>"; };
		23E5FF0B1563102900EBE200 /* UserDefinedDetailView.m */ = {isa = PBXFileReference; fileEncoding = 4; lastKnownFileType = sourcecode.c.objc; path = UserDefinedDetailView.m; sourceTree = "<group>"; };
		23E5FF0C1563102900EBE200 /* UserDefinedDetailView.xib */ = {isa = PBXFileReference; fileEncoding = 4; lastKnownFileType = file.xib; path = UserDefinedDetailView.xib; sourceTree = "<group>"; };
		23E5FF101563114700EBE200 /* bird1.jpg */ = {isa = PBXFileReference; lastKnownFileType = image.jpeg; path = bird1.jpg; sourceTree = "<group>"; };
		23E5FF111563114700EBE200 /* bird2.jpg */ = {isa = PBXFileReference; lastKnownFileType = image.jpeg; path = bird2.jpg; sourceTree = "<group>"; };
		23E5FF121563114700EBE200 /* bird3.jpg */ = {isa = PBXFileReference; lastKnownFileType = image.jpeg; path = bird3.jpg; sourceTree = "<group>"; };
		23E5FF131563114700EBE200 /* bird4.jpg */ = {isa = PBXFileReference; lastKnownFileType = image.jpeg; path = bird4.jpg; sourceTree = "<group>"; };
		23E5FF141563114700EBE200 /* dog1.jpg */ = {isa = PBXFileReference; lastKnownFileType = image.jpeg; path = dog1.jpg; sourceTree = "<group>"; };
		23E5FF151563114700EBE200 /* dog2.jpg */ = {isa = PBXFileReference; lastKnownFileType = image.jpeg; path = dog2.jpg; sourceTree = "<group>"; };
		23E5FF161563114700EBE200 /* dog3.jpg */ = {isa = PBXFileReference; lastKnownFileType = image.jpeg; path = dog3.jpg; sourceTree = "<group>"; };
		23E5FF171563114700EBE200 /* feline1.jpg */ = {isa = PBXFileReference; lastKnownFileType = image.jpeg; path = feline1.jpg; sourceTree = "<group>"; };
		23E5FF181563114700EBE200 /* feline2.jpg */ = {isa = PBXFileReference; lastKnownFileType = image.jpeg; path = feline2.jpg; sourceTree = "<group>"; };
		23E5FF191563114700EBE200 /* feline3.jpg */ = {isa = PBXFileReference; lastKnownFileType = image.jpeg; path = feline3.jpg; sourceTree = "<group>"; };
		23E5FF1A1563114700EBE200 /* ham1.jpg */ = {isa = PBXFileReference; lastKnownFileType = image.jpeg; path = ham1.jpg; sourceTree = "<group>"; };
		23E5FF1B1563114700EBE200 /* ham2.jpg */ = {isa = PBXFileReference; lastKnownFileType = image.jpeg; path = ham2.jpg; sourceTree = "<group>"; };
		23E5FF1C1563114700EBE200 /* ham3.jpg */ = {isa = PBXFileReference; lastKnownFileType = image.jpeg; path = ham3.jpg; sourceTree = "<group>"; };
		23E5FF1D1563114700EBE200 /* horse1.jpg */ = {isa = PBXFileReference; lastKnownFileType = image.jpeg; path = horse1.jpg; sourceTree = "<group>"; };
		23E5FF1E1563114700EBE200 /* horse2.jpg */ = {isa = PBXFileReference; lastKnownFileType = image.jpeg; path = horse2.jpg; sourceTree = "<group>"; };
		23E5FF1F1563114700EBE200 /* rabbit1.jpg */ = {isa = PBXFileReference; lastKnownFileType = image.jpeg; path = rabbit1.jpg; sourceTree = "<group>"; };
		23E5FF201563114700EBE200 /* rabbit2.jpg */ = {isa = PBXFileReference; lastKnownFileType = image.jpeg; path = rabbit2.jpg; sourceTree = "<group>"; };
		23E5FF321563258700EBE200 /* DetailViewStyle2.h */ = {isa = PBXFileReference; fileEncoding = 4; lastKnownFileType = sourcecode.c.h; path = DetailViewStyle2.h; sourceTree = "<group>"; };
		23E5FF331563258900EBE200 /* DetailViewStyle2.m */ = {isa = PBXFileReference; fileEncoding = 4; lastKnownFileType = sourcecode.c.objc; path = DetailViewStyle2.m; sourceTree = "<group>"; };
		23E5FF341563258B00EBE200 /* DetailViewStyle2.xib */ = {isa = PBXFileReference; fileEncoding = 4; lastKnownFileType = file.xib; path = DetailViewStyle2.xib; sourceTree = "<group>"; };
		23E5FF37156328C300EBE200 /* DetailViewStyle3.h */ = {isa = PBXFileReference; fileEncoding = 4; lastKnownFileType = sourcecode.c.h; path = DetailViewStyle3.h; sourceTree = "<group>"; };
		23E5FF38156328C400EBE200 /* DetailViewStyle3.m */ = {isa = PBXFileReference; fileEncoding = 4; lastKnownFileType = sourcecode.c.objc; path = DetailViewStyle3.m; sourceTree = "<group>"; };
		23E5FF39156328C600EBE200 /* DetailViewStyle3.xib */ = {isa = PBXFileReference; fileEncoding = 4; lastKnownFileType = file.xib; path = DetailViewStyle3.xib; sourceTree = "<group>"; };
		23F9D33B1565A6D200A6FAE0 /* PermanentScroller.h */ = {isa = PBXFileReference; fileEncoding = 4; lastKnownFileType = sourcecode.c.h; path = PermanentScroller.h; sourceTree = "<group>"; };
		23F9D33C1565A6D300A6FAE0 /* PermanentScroller.m */ = {isa = PBXFileReference; fileEncoding = 4; lastKnownFileType = sourcecode.c.objc; path = PermanentScroller.m; sourceTree = "<group>"; };
		23F9D33E1565B48500A6FAE0 /* ScrollViewSubClass.h */ = {isa = PBXFileReference; fileEncoding = 4; lastKnownFileType = sourcecode.c.h; path = ScrollViewSubClass.h; sourceTree = "<group>"; };
		23F9D33F1565B48500A6FAE0 /* ScrollViewSubClass.m */ = {isa = PBXFileReference; fileEncoding = 4; lastKnownFileType = sourcecode.c.objc; path = ScrollViewSubClass.m; sourceTree = "<group>"; };
		23F9D3451566D3C100A6FAE0 /* PieBubble.h */ = {isa = PBXFileReference; fileEncoding = 4; lastKnownFileType = sourcecode.c.h; path = PieBubble.h; sourceTree = "<group>"; };
		23F9D3461566D3C100A6FAE0 /* PieBubble.m */ = {isa = PBXFileReference; fileEncoding = 4; lastKnownFileType = sourcecode.c.objc; path = PieBubble.m; sourceTree = "<group>"; };
/* End PBXFileReference section */

/* Begin PBXFrameworksBuildPhase section */
		235C23F11548BBAD00919081 /* Frameworks */ = {
			isa = PBXFrameworksBuildPhase;
			buildActionMask = 2147483647;
			files = (
				23197F48154DF0880023521F /* QuartzCore.framework in Frameworks */,
				23197F3E154DF0440023521F /* CoreText.framework in Frameworks */,
				235C23F91548BBAD00919081 /* UIKit.framework in Frameworks */,
				235C23FB1548BBAD00919081 /* Foundation.framework in Frameworks */,
				235C23FD1548BBAD00919081 /* CoreGraphics.framework in Frameworks */,
			);
			runOnlyForDeploymentPostprocessing = 0;
		};
/* End PBXFrameworksBuildPhase section */

/* Begin PBXGroup section */
		23197E84154BA3830023521F /* Accessories */ = {
			isa = PBXGroup;
			children = (
				237F125C156D37E100A259FC /* MIM_MathClass.h */,
				237F125D156D37E200A259FC /* MIM_MathClass.m */,
				23BD8E3E156EE1B90098E85D /* LineScrollView.h */,
				23BD8E3F156EE1B90098E85D /* LineScrollView.m */,
				23197F3B154DEE150023521F /* AnchorDelegate.h */,
				23197E85154BA3830023521F /* Anchor.h */,
				23197E86154BA3830023521F /* Anchor.m */,
				23197E87154BA3830023521F /* AnchorInfo.h */,
				23197E88154BA3830023521F /* AnchorInfo.m */,
				23197E89154BA3830023521F /* Constant.h */,
				23197E8A154BA3830023521F /* CustomBox.h */,
				23197E8B154BA3830023521F /* CustomBox.m */,
				23197E8C154BA3830023521F /* PageControl.h */,
				23197E8D154BA3830023521F /* PageControl.m */,
				23197E8E154BA3830023521F /* XAxisBand.h */,
				23197E8F154BA3830023521F /* XAxisBand.m */,
				23197E90154BA3830023521F /* XAxisLabel.h */,
				23197E91154BA3830023521F /* XAxisLabel.m */,
				23197E92154BA3830023521F /* YAxisBand.h */,
				23197E93154BA3830023521F /* YAxisBand.m */,
				235C086D15A5F3C2006E9BED /* MIMMeter.h */,
				235C086E15A5F3C2006E9BED /* MIMMeter.m */,
				23A7485D15BB940000E35409 /* MIMProperties.h */,
				23A7485E15BB940000E35409 /* MIMProperties.m */,
			);
			path = Accessories;
			sourceTree = "<group>";
		};
		23197E94154BA3830023521F /* Bar Chart */ = {
			isa = PBXGroup;
			children = (
				23197E95154BA3830023521F /* MIMBarGraph.h */,
				23197E96154BA3830023521F /* MIMBarGraph.m */,
				23197E97154BA3830023521F /* BarView.h */,
				23197E98154BA3830023521F /* BarView.m */,
				23197F83154F91C90023521F /* BarGraphDelegate.h */,
				237CBBEC15AD05EB008C693A /* BarInfoBox.h */,
				237CBBED15AD05EC008C693A /* BarInfoBox.m */,
			);
			path = "Bar Chart";
			sourceTree = "<group>";
		};
		23197E99154BA3830023521F /* ClusterGraph */ = {
			isa = PBXGroup;
			children = (
				23197E9A154BA3830023521F /* Cluster.h */,
				23197E9B154BA3830023521F /* Cluster.m */,
				23197E9C154BA3830023521F /* ClusterGraph.h */,
				23197E9D154BA3830023521F /* ClusterGraph.m */,
				23197F86154F921D0023521F /* ClusterGraphDelegate.h */,
			);
			path = ClusterGraph;
			sourceTree = "<group>";
		};
		23197E9E154BA3830023521F /* Colors */ = {
			isa = PBXGroup;
			children = (
				23197E9F154BA3830023521F /* MIMColor.h */,
				23197EA0154BA3830023521F /* MIMColor.m */,
				23197EA1154BA3830023521F /* MIMColorClass.h */,
				23197EA2154BA3830023521F /* MIMColorClass.m */,
			);
			path = Colors;
			sourceTree = "<group>";
		};
		23197EA8154BA3830023521F /* FragmentedDoughnutChart */ = {
			isa = PBXGroup;
			children = (
				23197EA9154BA3830023521F /* 2DFragmentedDoughNut.h */,
				23197EAA154BA3830023521F /* 2DFragmentedDoughNut.m */,
				23197EAB154BA3830023521F /* DoughtNutFragmentTitle.h */,
				23197EAC154BA3830023521F /* DoughtNutFragmentTitle.m */,
				23197F80154F7FB50023521F /* FragmentedDoughNutDelegate.h */,
			);
			name = FragmentedDoughnutChart;
			path = FragmentedPieChart;
			sourceTree = "<group>";
		};
		23197EAD154BA3830023521F /* Line Graph */ = {
			isa = PBXGroup;
			children = (
				2308011C15A3FAD100544123 /* MultiLineLongGraph.h */,
				2308011D15A3FAD100544123 /* MultiLineLongGraph.m */,
				23197F60154F161F0023521F /* LineGraphDelegate.h */,
				2308011915A3ED3800544123 /* MIMLineGraph.h */,
				2308011A15A3ED3800544123 /* MIMLineGraph.m */,
				23197EB0154BA3830023521F /* LineInfoBox.h */,
				23197EB1154BA3830023521F /* LineInfoBox.m */,
				23197EB2154BA3830023521F /* lines.png */,
				23197EB3154BA3830023521F /* lines1.png */,
			);
			path = "Line Graph";
			sourceTree = "<group>";
		};
		23197EB4154BA3830023521F /* Pie Chart */ = {
			isa = PBXGroup;
			children = (
				23E5FEB41561F36700EBE200 /* PopOvers */,
				23CE0D1D156468160078BCC5 /* Info Box */,
				23F9D3491566D3CD00A6FAE0 /* Bubbles */,
				23197EB5154BA3830023521F /* BasicPie.h */,
				23197EB6154BA3830023521F /* BasicPie.m */,
				23197EB7154BA3830023521F /* BasicPieChart.h */,
				23197EB8154BA3830023521F /* BasicPieChart.m */,
				23197EB9154BA3830023521F /* BasicPieChartSample.png */,
				23197EBA154BA3830023521F /* BevelPieChart.h */,
				23197EBB154BA3830023521F /* BevelPieChart.m */,
				23197EBC154BA3830023521F /* BevelPieChart.png */,
				23197EBD154BA3830023521F /* BiTransPieChart.h */,
				23197EBE154BA3830023521F /* BiTransPieChart.m */,
				23197EBF154BA3830023521F /* BiTransPieCHartSample.png */,
				23197EC5154BA3830023521F /* layeredpiechart.jpg */,
				23197EC4154BA3830023521F /* LayeredPieChart.h */,
				23197EC6154BA3830023521F /* LayeredPieChart.m */,
				23197EC7154BA3830023521F /* LeftTriangleIcon.png */,
				23197EC8154BA3830023521F /* LeftTriangleIconBlack.png */,
				23197EC9154BA3830023521F /* MIMPieChart.h */,
				23197ECA154BA3830023521F /* MIMPieChart.m */,
				23197ECB154BA3830023521F /* MIMPieChartDelegate.h */,
				23197ECC154BA3830023521F /* OthersPart1.png */,
				23197ECD154BA3830023521F /* otherspart2.png */,
				23197ECE154BA3830023521F /* OthersPieChart.h */,
				23197ECF154BA3830023521F /* OthersPieChart.m */,
				23197ED0154BA3830023521F /* padded_pie_chart.png */,
				23197ED1154BA3830023521F /* PaddedPieChart.h */,
				23197ED2154BA3830023521F /* PaddedPieChart.m */,
				23197ED5154BA3830023521F /* pie_pop_over_gradient.jpg */,
				23197ED6154BA3830023521F /* RightTriangleIcon.png */,
				23197ED7154BA3830023521F /* RightTriangleIconBlack.png */,
				23197ED8154BA3830023521F /* sectioned_pie_chart.png */,
				23197ED9154BA3830023521F /* SectionedPieChart.h */,
				23197EDA154BA3830023521F /* SectionedPieChart.m */,
				23197EDB154BA3830023521F /* trophy.png */,
			);
			path = "Pie Chart";
			sourceTree = "<group>";
		};
		23197EDC154BA3830023521F /* Wall Graph */ = {
			isa = PBXGroup;
			children = (
				23197F85154F92020023521F /* WallGraphDelegate.h */,
				2384DAF81573F4AA00F9F126 /* MultiWallLongGraph.h */,
				2384DAF91573F4AA00F9F126 /* MultiWallLongGraph.m */,
				2308011F15A3FBEF00544123 /* MIMWallGraph.h */,
				2308012015A3FBEF00544123 /* MIMWallGraph.m */,
			);
			path = "Wall Graph";
			sourceTree = "<group>";
		};
		23197F5A154EFA370023521F /* Pie Chart Sample Files */ = {
			isa = PBXGroup;
			children = (
				23E5FEBA1561FCA200EBE200 /* Listing of Pie Charts */,
				23E5FF0715630DC100EBE200 /* Introduction Animation */,
				23E5FF0915630DE000EBE200 /* Detail Pop Up */,
				23F9D339156587A300A6FAE0 /* Info Box */,
			);
			name = "Pie Chart Sample Files";
			sourceTree = "<group>";
		};
		23197F5F154EFB3D0023521F /* Line Chart Sample Files */ = {
			isa = PBXGroup;
			children = (
				23BD8E4A156FE5800098E85D /* data4.csv */,
				23BD8E41156EE3AB0098E85D /* data3.csv */,
				23197F5C154EFB310023521F /* TestLineClass.h */,
				23197F5D154EFB310023521F /* TestLineClass.m */,
				23197F61154F25850023521F /* TestLineClass.xib */,
				238C0C6115BF8FEC00AF1382 /* TestLineClass2.h */,
				238C0C6215BF8FED00AF1382 /* TestLineClass2.m */,
				238C0C6315BF8FED00AF1382 /* TestLineClass2.xib */,
			);
			name = "Line Chart Sample Files";
			sourceTree = "<group>";
		};
		23197F78154F79530023521F /* Bar Chart Samples */ = {
			isa = PBXGroup;
			children = (
				2384DAED1573EBA100F9F126 /* StackedBarTestClass.h */,
				2384DAEE1573EBA100F9F126 /* StackedBarTestClass.m */,
				2384DAEF1573EBA100F9F126 /* StackedBarTestClass.xib */,
				23197F6F154F79470023521F /* GroupBarTestClass.h */,
				23197F70154F79480023521F /* GroupBarTestClass.m */,
				23197F8B154F97CB0023521F /* GroupBarTestClass.xib */,
				23197F6B154F79470023521F /* BarTestClass.h */,
				23197F6C154F79470023521F /* BarTestClass.m */,
				23197F87154F96ED0023521F /* BarTestClass.xib */,
				238C0C5B15BF57D700AF1382 /* MultipleBarViews.h */,
				238C0C5C15BF57D700AF1382 /* MultipleBarViews.m */,
				238C0C5D15BF57D700AF1382 /* MultipleBarViews.xib */,
			);
			name = "Bar Chart Samples";
			sourceTree = "<group>";
		};
		23197F7B154F799E0023521F /* Wall Graph Sample */ = {
			isa = PBXGroup;
			children = (
				23197F71154F79480023521F /* WallTestClass.h */,
				23197F72154F79480023521F /* WallTestClass.m */,
				23197F8D154F981C0023521F /* WallTestClass.xib */,
			);
			name = "Wall Graph Sample";
			sourceTree = "<group>";
		};
		23197F7F154F7EE30023521F /* Fragmented Doughnut Chart Sample */ = {
			isa = PBXGroup;
			children = (
				23197F7C154F7EDB0023521F /* TestClassFragmented.h */,
				23197F7D154F7EDB0023521F /* TestClassFragmented.m */,
				23197F81154F818F0023521F /* TestClassFragmented.xib */,
			);
			name = "Fragmented Doughnut Chart Sample";
			sourceTree = "<group>";
		};
		235C23E91548BBAD00919081 = {
			isa = PBXGroup;
			children = (
				235C23FE1548BBAD00919081 /* MIMChartLib */,
				235C23F71548BBAD00919081 /* Frameworks */,
				235C23F51548BBAD00919081 /* Products */,
			);
			sourceTree = "<group>";
		};
		235C23F51548BBAD00919081 /* Products */ = {
			isa = PBXGroup;
			children = (
				235C23F41548BBAD00919081 /* MIMChartLib.app */,
			);
			name = Products;
			sourceTree = "<group>";
		};
		235C23F71548BBAD00919081 /* Frameworks */ = {
			isa = PBXGroup;
			children = (
				23197F47154DF0880023521F /* QuartzCore.framework */,
				23197F3D154DF0440023521F /* CoreText.framework */,
				235C23F81548BBAD00919081 /* UIKit.framework */,
				235C23FA1548BBAD00919081 /* Foundation.framework */,
				235C23FC1548BBAD00919081 /* CoreGraphics.framework */,
			);
			name = Frameworks;
			sourceTree = "<group>";
		};
		235C23FE1548BBAD00919081 /* MIMChartLib */ = {
			isa = PBXGroup;
			children = (
				235C242E1548D1E000919081 /* How to Use */,
				235C24311548D1E000919081 /* Lib Files */,
				235C24361548D24C00919081 /* Level2iPadController.h */,
				235C24371548D24C00919081 /* Level2iPadController.m */,
				235C24381548D24C00919081 /* Level2iPadController.xib */,
				235C240F1548BBE600919081 /* MainController.h */,
				235C24101548BBE600919081 /* MainController.m */,
				235C24111548BBE600919081 /* MainController.xib */,
				235C24071548BBAD00919081 /* AppDelegate.h */,
				235C24081548BBAD00919081 /* AppDelegate.m */,
				235C23FF1548BBAD00919081 /* Supporting Files */,
			);
			path = MIMChartLib;
			sourceTree = "<group>";
		};
		235C23FF1548BBAD00919081 /* Supporting Files */ = {
			isa = PBXGroup;
			children = (
				235C24001548BBAD00919081 /* MIMChartLib-Info.plist */,
				235C24011548BBAD00919081 /* InfoPlist.strings */,
				235C24041548BBAD00919081 /* main.m */,
				235C24061548BBAD00919081 /* MIMChartLib-Prefix.pch */,
			);
			name = "Supporting Files";
			sourceTree = "<group>";
		};
		235C242E1548D1E000919081 /* How to Use */ = {
			isa = PBXGroup;
			children = (
				23197F7F154F7EE30023521F /* Fragmented Doughnut Chart Sample */,
				23197F78154F79530023521F /* Bar Chart Samples */,
				23197F7B154F799E0023521F /* Wall Graph Sample */,
				23197F5F154EFB3D0023521F /* Line Chart Sample Files */,
				23197F5A154EFA370023521F /* Pie Chart Sample Files */,
				23E59BBC15A38E46008FFDF0 /* GaugeGraphTestClass.h */,
				23E59BBD15A38E47008FFDF0 /* GaugeGraphTestClass.m */,
			);
			path = "How to Use";
			sourceTree = "<group>";
		};
		235C24311548D1E000919081 /* Lib Files */ = {
			isa = PBXGroup;
			children = (
				23E59BB815A38B76008FFDF0 /* GaugeMeter */,
				23197E84154BA3830023521F /* Accessories */,
				23197E94154BA3830023521F /* Bar Chart */,
				23197E99154BA3830023521F /* ClusterGraph */,
				23197E9E154BA3830023521F /* Colors */,
				23197EA8154BA3830023521F /* FragmentedDoughnutChart */,
				23197EAD154BA3830023521F /* Line Graph */,
				23197EB4154BA3830023521F /* Pie Chart */,
				23197EDC154BA3830023521F /* Wall Graph */,
			);
			path = "Lib Files";
			sourceTree = "<group>";
		};
		23CE0D1D156468160078BCC5 /* Info Box */ = {
			isa = PBXGroup;
			children = (
				23CE0D13156467E70078BCC5 /* DefaultInfoBox.h */,
				23CE0D14156467E70078BCC5 /* DefaultInfoBox.m */,
				23CE0D17156468010078BCC5 /* InfoBoxStyle1.h */,
				23CE0D18156468010078BCC5 /* InfoBoxStyle1.m */,
				23CE0D1A156468100078BCC5 /* InfoBoxStyle2.h */,
				23CE0D1B156468100078BCC5 /* InfoBoxStyle2.m */,
				23F9D33B1565A6D200A6FAE0 /* PermanentScroller.h */,
				23F9D33C1565A6D300A6FAE0 /* PermanentScroller.m */,
				23F9D33E1565B48500A6FAE0 /* ScrollViewSubClass.h */,
				23F9D33F1565B48500A6FAE0 /* ScrollViewSubClass.m */,
			);
			name = "Info Box";
			sourceTree = "<group>";
		};
		23E59BB815A38B76008FFDF0 /* GaugeMeter */ = {
			isa = PBXGroup;
			children = (
				23E59BB915A38B79008FFDF0 /* GaugeGraph.h */,
				23E59BBA15A38B79008FFDF0 /* GaugeGraph.m */,
			);
			path = GaugeMeter;
			sourceTree = "<group>";
		};
		23E5FEB41561F36700EBE200 /* PopOvers */ = {
			isa = PBXGroup;
			children = (
				23197EC0154BA3830023521F /* DefaultPopOverForPieChart.h */,
				23197EC1154BA3830023521F /* DefaultPopOverForPieChart.m */,
				23197EC2154BA3830023521F /* DetailPopOverStyle2.h */,
				23197EC3154BA3830023521F /* DetailPopOverStyle2.m */,
			);
			name = PopOvers;
			sourceTree = "<group>";
		};
		23E5FEBA1561FCA200EBE200 /* Listing of Pie Charts */ = {
			isa = PBXGroup;
			children = (
				23197F13154BA4510023521F /* ListBasicPieCharts.h */,
				23197F14154BA4510023521F /* ListBasicPieCharts.m */,
				23197F4A154DF6EA0023521F /* ListBasicPieCharts.xib */,
				23197F51154E46700023521F /* ListBevelPieCharts.h */,
				23197F52154E46700023521F /* ListBevelPieCharts.m */,
				23197F53154E46710023521F /* ListBevelPieCharts.xib */,
				23E5FE991561B52A00EBE200 /* ListPaddedPieCharts.h */,
				23E5FE9A1561B52A00EBE200 /* ListPaddedPieCharts.m */,
				23E5FE9B1561B52A00EBE200 /* ListPaddedPieCharts.xib */,
				23E5FE9F1561C14A00EBE200 /* ListSectionedPieCharts.h */,
				23E5FEA01561C14A00EBE200 /* ListSectionedPieCharts.m */,
				23E5FEA11561C14B00EBE200 /* ListSectionedPieCharts.xib */,
				23E5FEB11561C8FD00EBE200 /* trans_icon.png */,
				23E5FEA41561C17400EBE200 /* ListBiTransPieChart.h */,
				23E5FEA51561C17400EBE200 /* ListBiTransPieChart.m */,
				23E5FEA61561C17400EBE200 /* ListBiTransPieChart.xib */,
			);
			name = "Listing of Pie Charts";
			sourceTree = "<group>";
		};
		23E5FF0715630DC100EBE200 /* Introduction Animation */ = {
			isa = PBXGroup;
			children = (
				23197F4C154E25420023521F /* ChartAnimation.h */,
				23197F4D154E25440023521F /* ChartAnimation.m */,
				23197F4E154E25450023521F /* ChartAnimation.xib */,
			);
			name = "Introduction Animation";
			sourceTree = "<group>";
		};
		23E5FF0915630DE000EBE200 /* Detail Pop Up */ = {
			isa = PBXGroup;
			children = (
				23E5FF0F1563114600EBE200 /* imageForPopUp */,
				23E5FEB51561FC7E00EBE200 /* DefaultDetailView.h */,
				23E5FEB61561FC7F00EBE200 /* DefaultDetailView.m */,
				23E5FEB71561FC7F00EBE200 /* DefaultDetailView.xib */,
				23E5FF321563258700EBE200 /* DetailViewStyle2.h */,
				23E5FF331563258900EBE200 /* DetailViewStyle2.m */,
				23E5FF341563258B00EBE200 /* DetailViewStyle2.xib */,
				23E5FF37156328C300EBE200 /* DetailViewStyle3.h */,
				23E5FF38156328C400EBE200 /* DetailViewStyle3.m */,
				23E5FF39156328C600EBE200 /* DetailViewStyle3.xib */,
				23E5FF0A1563102800EBE200 /* UserDefinedDetailView.h */,
				23E5FF0B1563102900EBE200 /* UserDefinedDetailView.m */,
				23E5FF0C1563102900EBE200 /* UserDefinedDetailView.xib */,
			);
			name = "Detail Pop Up";
			sourceTree = "<group>";
		};
		23E5FF0F1563114600EBE200 /* imageForPopUp */ = {
			isa = PBXGroup;
			children = (
				237C8CB01564AA35004EC65A /* pajarito1.png */,
				237C8CB11564AA35004EC65A /* pajarito2.png */,
				237C8CB21564AA35004EC65A /* pajarito3.png */,
				237C8CB31564AA35004EC65A /* pajarito4.png */,
				237C8CB41564AA35004EC65A /* pajarito5.png */,
				237C8CB51564AA35004EC65A /* pajarito6.png */,
				237C8CB61564AA35004EC65A /* pajarito7.png */,
				23E5FF101563114700EBE200 /* bird1.jpg */,
				23E5FF111563114700EBE200 /* bird2.jpg */,
				23E5FF121563114700EBE200 /* bird3.jpg */,
				23E5FF131563114700EBE200 /* bird4.jpg */,
				23E5FF141563114700EBE200 /* dog1.jpg */,
				23E5FF151563114700EBE200 /* dog2.jpg */,
				23E5FF161563114700EBE200 /* dog3.jpg */,
				23E5FF171563114700EBE200 /* feline1.jpg */,
				23E5FF181563114700EBE200 /* feline2.jpg */,
				23E5FF191563114700EBE200 /* feline3.jpg */,
				23E5FF1A1563114700EBE200 /* ham1.jpg */,
				23E5FF1B1563114700EBE200 /* ham2.jpg */,
				23E5FF1C1563114700EBE200 /* ham3.jpg */,
				23E5FF1D1563114700EBE200 /* horse1.jpg */,
				23E5FF1E1563114700EBE200 /* horse2.jpg */,
				23E5FF1F1563114700EBE200 /* rabbit1.jpg */,
				23E5FF201563114700EBE200 /* rabbit2.jpg */,
			);
			path = imageForPopUp;
			sourceTree = "<group>";
		};
		23F9D339156587A300A6FAE0 /* Info Box */ = {
			isa = PBXGroup;
			children = (
				23CE0D1E1564868A0078BCC5 /* DefaultInfoBoxTestClass.h */,
				23CE0D1F1564868A0078BCC5 /* DefaultInfoBoxTestClass.m */,
				23CE0D201564868A0078BCC5 /* DefaultInfoBoxTestClass.xib */,
				23CE0D23156486C80078BCC5 /* InfoBoxStyle1TestClass.h */,
				23CE0D24156486C80078BCC5 /* InfoBoxStyle1TestClass.m */,
				23CE0D25156486C80078BCC5 /* InfoBoxStyle1TestClass.xib */,
				23CE0D28156486E80078BCC5 /* InfoBoxStyle2TestClass.h */,
				23CE0D29156486E80078BCC5 /* InfoBoxStyle2TestClass.m */,
				23CE0D2A156486E80078BCC5 /* InfoBoxStyle2TestClass.xib */,
			);
			name = "Info Box";
			sourceTree = "<group>";
		};
		23F9D3491566D3CD00A6FAE0 /* Bubbles */ = {
			isa = PBXGroup;
			children = (
				23F9D3451566D3C100A6FAE0 /* PieBubble.h */,
				23F9D3461566D3C100A6FAE0 /* PieBubble.m */,
			);
			name = Bubbles;
			sourceTree = "<group>";
		};
/* End PBXGroup section */

/* Begin PBXNativeTarget section */
		235C23F31548BBAD00919081 /* MIMChartLib */ = {
			isa = PBXNativeTarget;
			buildConfigurationList = 235C240C1548BBAD00919081 /* Build configuration list for PBXNativeTarget "MIMChartLib" */;
			buildPhases = (
				235C23F01548BBAD00919081 /* Sources */,
				235C23F11548BBAD00919081 /* Frameworks */,
				235C23F21548BBAD00919081 /* Resources */,
			);
			buildRules = (
			);
			dependencies = (
			);
			name = MIMChartLib;
			productName = MIMChartLib;
			productReference = 235C23F41548BBAD00919081 /* MIMChartLib.app */;
			productType = "com.apple.product-type.application";
		};
/* End PBXNativeTarget section */

/* Begin PBXProject section */
		235C23EB1548BBAD00919081 /* Project object */ = {
			isa = PBXProject;
			attributes = {
				LastUpgradeCheck = 0420;
			};
			buildConfigurationList = 235C23EE1548BBAD00919081 /* Build configuration list for PBXProject "MIMChartLib" */;
			compatibilityVersion = "Xcode 3.2";
			developmentRegion = English;
			hasScannedForEncodings = 0;
			knownRegions = (
				en,
			);
			mainGroup = 235C23E91548BBAD00919081;
			productRefGroup = 235C23F51548BBAD00919081 /* Products */;
			projectDirPath = "";
			projectRoot = "";
			targets = (
				235C23F31548BBAD00919081 /* MIMChartLib */,
			);
		};
/* End PBXProject section */

/* Begin PBXResourcesBuildPhase section */
		235C23F21548BBAD00919081 /* Resources */ = {
			isa = PBXResourcesBuildPhase;
			buildActionMask = 2147483647;
			files = (
				235C24031548BBAD00919081 /* InfoPlist.strings in Resources */,
				235C24131548BBE600919081 /* MainController.xib in Resources */,
				235C243A1548D24C00919081 /* Level2iPadController.xib in Resources */,
				23197EF4154BA3830023521F /* lines.png in Resources */,
				23197EF5154BA3830023521F /* lines1.png in Resources */,
				23197EF8154BA3830023521F /* BasicPieChartSample.png in Resources */,
				23197EFA154BA3830023521F /* BevelPieChart.png in Resources */,
				23197EFC154BA3830023521F /* BiTransPieCHartSample.png in Resources */,
				23197EFF154BA3830023521F /* layeredpiechart.jpg in Resources */,
				23197F01154BA3830023521F /* LeftTriangleIcon.png in Resources */,
				23197F02154BA3830023521F /* LeftTriangleIconBlack.png in Resources */,
				23197F04154BA3830023521F /* OthersPart1.png in Resources */,
				23197F05154BA3830023521F /* otherspart2.png in Resources */,
				23197F07154BA3830023521F /* padded_pie_chart.png in Resources */,
				23197F0A154BA3830023521F /* pie_pop_over_gradient.jpg in Resources */,
				23197F0B154BA3830023521F /* RightTriangleIcon.png in Resources */,
				23197F0C154BA3830023521F /* RightTriangleIconBlack.png in Resources */,
				23197F0D154BA3830023521F /* sectioned_pie_chart.png in Resources */,
				23197F0F154BA3830023521F /* trophy.png in Resources */,
				23197F4B154DF6EB0023521F /* ListBasicPieCharts.xib in Resources */,
				23197F50154E25460023521F /* ChartAnimation.xib in Resources */,
				23197F55154E46710023521F /* ListBevelPieCharts.xib in Resources */,
				23197F62154F25850023521F /* TestLineClass.xib in Resources */,
				23197F82154F818F0023521F /* TestClassFragmented.xib in Resources */,
				23197F88154F96EE0023521F /* BarTestClass.xib in Resources */,
				23197F8C154F97CB0023521F /* GroupBarTestClass.xib in Resources */,
				23197F8E154F981D0023521F /* WallTestClass.xib in Resources */,
				23E5FE9D1561B52A00EBE200 /* ListPaddedPieCharts.xib in Resources */,
				23E5FEA31561C14B00EBE200 /* ListSectionedPieCharts.xib in Resources */,
				23E5FEA81561C17400EBE200 /* ListBiTransPieChart.xib in Resources */,
				23E5FEB21561C8FD00EBE200 /* trans_icon.png in Resources */,
				23E5FEB91561FC8000EBE200 /* DefaultDetailView.xib in Resources */,
				23E5FF0E1563102900EBE200 /* UserDefinedDetailView.xib in Resources */,
				23E5FF211563114700EBE200 /* bird1.jpg in Resources */,
				23E5FF221563114700EBE200 /* bird2.jpg in Resources */,
				23E5FF231563114700EBE200 /* bird3.jpg in Resources */,
				23E5FF241563114700EBE200 /* bird4.jpg in Resources */,
				23E5FF251563114700EBE200 /* dog1.jpg in Resources */,
				23E5FF261563114700EBE200 /* dog2.jpg in Resources */,
				23E5FF271563114700EBE200 /* dog3.jpg in Resources */,
				23E5FF281563114700EBE200 /* feline1.jpg in Resources */,
				23E5FF291563114700EBE200 /* feline2.jpg in Resources */,
				23E5FF2A1563114700EBE200 /* feline3.jpg in Resources */,
				23E5FF2B1563114700EBE200 /* ham1.jpg in Resources */,
				23E5FF2C1563114700EBE200 /* ham2.jpg in Resources */,
				23E5FF2D1563114700EBE200 /* ham3.jpg in Resources */,
				23E5FF2E1563114700EBE200 /* horse1.jpg in Resources */,
				23E5FF2F1563114700EBE200 /* horse2.jpg in Resources */,
				23E5FF301563114700EBE200 /* rabbit1.jpg in Resources */,
				23E5FF311563114700EBE200 /* rabbit2.jpg in Resources */,
				23E5FF361563258D00EBE200 /* DetailViewStyle2.xib in Resources */,
				23E5FF3B156328C800EBE200 /* DetailViewStyle3.xib in Resources */,
				23CE0D221564868A0078BCC5 /* DefaultInfoBoxTestClass.xib in Resources */,
				23CE0D27156486C90078BCC5 /* InfoBoxStyle1TestClass.xib in Resources */,
				23CE0D2C156486E90078BCC5 /* InfoBoxStyle2TestClass.xib in Resources */,
				237C8CB71564AA35004EC65A /* pajarito1.png in Resources */,
				237C8CB81564AA35004EC65A /* pajarito2.png in Resources */,
				237C8CB91564AA35004EC65A /* pajarito3.png in Resources */,
				237C8CBA1564AA35004EC65A /* pajarito4.png in Resources */,
				237C8CBB1564AA35004EC65A /* pajarito5.png in Resources */,
				237C8CBC1564AA35004EC65A /* pajarito6.png in Resources */,
				237C8CBD1564AA35004EC65A /* pajarito7.png in Resources */,
				23BD8E42156EE3AB0098E85D /* data3.csv in Resources */,
				23BD8E4B156FE5810098E85D /* data4.csv in Resources */,
				2384DAF11573EBA100F9F126 /* StackedBarTestClass.xib in Resources */,
				238C0C5F15BF57D700AF1382 /* MultipleBarViews.xib in Resources */,
				238C0C6515BF8FED00AF1382 /* TestLineClass2.xib in Resources */,
			);
			runOnlyForDeploymentPostprocessing = 0;
		};
/* End PBXResourcesBuildPhase section */

/* Begin PBXSourcesBuildPhase section */
		235C23F01548BBAD00919081 /* Sources */ = {
			isa = PBXSourcesBuildPhase;
			buildActionMask = 2147483647;
			files = (
				235C24051548BBAD00919081 /* main.m in Sources */,
				235C24091548BBAD00919081 /* AppDelegate.m in Sources */,
				235C24121548BBE600919081 /* MainController.m in Sources */,
				235C24391548D24C00919081 /* Level2iPadController.m in Sources */,
				23197EE1154BA3830023521F /* Anchor.m in Sources */,
				23197EE2154BA3830023521F /* AnchorInfo.m in Sources */,
				23197EE3154BA3830023521F /* CustomBox.m in Sources */,
				23197EE4154BA3830023521F /* PageControl.m in Sources */,
				23197EE5154BA3830023521F /* XAxisBand.m in Sources */,
				23197EE6154BA3830023521F /* XAxisLabel.m in Sources */,
				23197EE7154BA3830023521F /* YAxisBand.m in Sources */,
				23197EE8154BA3830023521F /* MIMBarGraph.m in Sources */,
				23197EE9154BA3830023521F /* BarView.m in Sources */,
				23197EEA154BA3830023521F /* Cluster.m in Sources */,
				23197EEB154BA3830023521F /* ClusterGraph.m in Sources */,
				23197EEC154BA3830023521F /* MIMColor.m in Sources */,
				23197EED154BA3830023521F /* MIMColorClass.m in Sources */,
				23197EF0154BA3830023521F /* 2DFragmentedDoughNut.m in Sources */,
				23197EF1154BA3830023521F /* DoughtNutFragmentTitle.m in Sources */,
				23197EF3154BA3830023521F /* LineInfoBox.m in Sources */,
				23197EF6154BA3830023521F /* BasicPie.m in Sources */,
				23197EF7154BA3830023521F /* BasicPieChart.m in Sources */,
				23197EF9154BA3830023521F /* BevelPieChart.m in Sources */,
				23197EFB154BA3830023521F /* BiTransPieChart.m in Sources */,
				23197EFD154BA3830023521F /* DefaultPopOverForPieChart.m in Sources */,
				23197EFE154BA3830023521F /* DetailPopOverStyle2.m in Sources */,
				23197F00154BA3830023521F /* LayeredPieChart.m in Sources */,
				23197F03154BA3830023521F /* MIMPieChart.m in Sources */,
				23197F06154BA3830023521F /* OthersPieChart.m in Sources */,
				23197F08154BA3830023521F /* PaddedPieChart.m in Sources */,
				23197F0E154BA3830023521F /* SectionedPieChart.m in Sources */,
				23197F15154BA4510023521F /* ListBasicPieCharts.m in Sources */,
				23197F4F154E25460023521F /* ChartAnimation.m in Sources */,
				23197F54154E46710023521F /* ListBevelPieCharts.m in Sources */,
				23197F5E154EFB310023521F /* TestLineClass.m in Sources */,
				23197F73154F79480023521F /* BarTestClass.m in Sources */,
				23197F75154F79480023521F /* GroupBarTestClass.m in Sources */,
				23197F76154F79480023521F /* WallTestClass.m in Sources */,
				23197F7E154F7EDC0023521F /* TestClassFragmented.m in Sources */,
				23E5FE9C1561B52A00EBE200 /* ListPaddedPieCharts.m in Sources */,
				23E5FEA21561C14B00EBE200 /* ListSectionedPieCharts.m in Sources */,
				23E5FEA71561C17400EBE200 /* ListBiTransPieChart.m in Sources */,
				23E5FEB81561FC8000EBE200 /* DefaultDetailView.m in Sources */,
				23E5FF0D1563102900EBE200 /* UserDefinedDetailView.m in Sources */,
				23E5FF351563258D00EBE200 /* DetailViewStyle2.m in Sources */,
				23E5FF3A156328C800EBE200 /* DetailViewStyle3.m in Sources */,
				23CE0D15156467E80078BCC5 /* DefaultInfoBox.m in Sources */,
				23CE0D19156468020078BCC5 /* InfoBoxStyle1.m in Sources */,
				23CE0D1C156468100078BCC5 /* InfoBoxStyle2.m in Sources */,
				23CE0D211564868A0078BCC5 /* DefaultInfoBoxTestClass.m in Sources */,
				23CE0D26156486C90078BCC5 /* InfoBoxStyle1TestClass.m in Sources */,
				23CE0D2B156486E90078BCC5 /* InfoBoxStyle2TestClass.m in Sources */,
				23F9D33D1565A6D300A6FAE0 /* PermanentScroller.m in Sources */,
				23F9D3401565B48600A6FAE0 /* ScrollViewSubClass.m in Sources */,
				23F9D3471566D3C200A6FAE0 /* PieBubble.m in Sources */,
				237F125E156D37E300A259FC /* MIM_MathClass.m in Sources */,
				23BD8E40156EE1B90098E85D /* LineScrollView.m in Sources */,
				2384DAF01573EBA100F9F126 /* StackedBarTestClass.m in Sources */,
				2384DAFA1573F4AA00F9F126 /* MultiWallLongGraph.m in Sources */,
				23E59BBB15A38B79008FFDF0 /* GaugeGraph.m in Sources */,
				23E59BBE15A38E47008FFDF0 /* GaugeGraphTestClass.m in Sources */,
				2308011B15A3ED3900544123 /* MIMLineGraph.m in Sources */,
				2308011E15A3FAD200544123 /* MultiLineLongGraph.m in Sources */,
				2308012115A3FBEF00544123 /* MIMWallGraph.m in Sources */,
				235C086F15A5F3C2006E9BED /* MIMMeter.m in Sources */,
				237CBBEE15AD05EC008C693A /* BarInfoBox.m in Sources */,
				23A7485F15BB940100E35409 /* MIMProperties.m in Sources */,
				238C0C5E15BF57D700AF1382 /* MultipleBarViews.m in Sources */,
				238C0C6415BF8FED00AF1382 /* TestLineClass2.m in Sources */,
			);
			runOnlyForDeploymentPostprocessing = 0;
		};
/* End PBXSourcesBuildPhase section */

/* Begin PBXVariantGroup section */
		235C24011548BBAD00919081 /* InfoPlist.strings */ = {
			isa = PBXVariantGroup;
			children = (
				235C24021548BBAD00919081 /* en */,
			);
			name = InfoPlist.strings;
			sourceTree = "<group>";
		};
/* End PBXVariantGroup section */

/* Begin XCBuildConfiguration section */
		235C240A1548BBAD00919081 /* Debug */ = {
			isa = XCBuildConfiguration;
			buildSettings = {
				ALWAYS_SEARCH_USER_PATHS = NO;
				ARCHS = "$(ARCHS_STANDARD_32_BIT)";
				CLANG_ENABLE_OBJC_ARC = YES;
				CODE_SIGN_IDENTITY = "";
				"CODE_SIGN_IDENTITY[sdk=iphoneos*]" = "";
				COPY_PHASE_STRIP = NO;
				GCC_C_LANGUAGE_STANDARD = gnu99;
				GCC_DYNAMIC_NO_PIC = NO;
				GCC_OPTIMIZATION_LEVEL = 0;
				GCC_PREPROCESSOR_DEFINITIONS = (
					"DEBUG=1",
					"$(inherited)",
				);
				GCC_SYMBOLS_PRIVATE_EXTERN = NO;
				GCC_VERSION = com.apple.compilers.llvm.clang.1_0;
				GCC_WARN_ABOUT_MISSING_PROTOTYPES = YES;
				GCC_WARN_ABOUT_RETURN_TYPE = YES;
				GCC_WARN_UNUSED_VARIABLE = YES;
				IPHONEOS_DEPLOYMENT_TARGET = 4.0;
				SDKROOT = iphoneos;
				TARGETED_DEVICE_FAMILY = "1,2";
			};
			name = Debug;
		};
		235C240B1548BBAD00919081 /* Release */ = {
			isa = XCBuildConfiguration;
			buildSettings = {
				ALWAYS_SEARCH_USER_PATHS = NO;
				ARCHS = "$(ARCHS_STANDARD_32_BIT)";
				CLANG_ENABLE_OBJC_ARC = YES;
				CODE_SIGN_IDENTITY = "iPhone Distribution: Michael Bok";
				"CODE_SIGN_IDENTITY[sdk=iphoneos*]" = "iPhone Distribution: Michael Bok";
				COPY_PHASE_STRIP = YES;
				GCC_C_LANGUAGE_STANDARD = gnu99;
				GCC_VERSION = com.apple.compilers.llvm.clang.1_0;
				GCC_WARN_ABOUT_MISSING_PROTOTYPES = YES;
				GCC_WARN_ABOUT_RETURN_TYPE = YES;
				GCC_WARN_UNUSED_VARIABLE = YES;
				IPHONEOS_DEPLOYMENT_TARGET = 4.0;
				OTHER_CFLAGS = "-DNS_BLOCK_ASSERTIONS=1";
				PROVISIONING_PROFILE = "3853D13B-6C67-44CD-AF92-6F0AEC432448";
				"PROVISIONING_PROFILE[sdk=iphoneos*]" = "3853D13B-6C67-44CD-AF92-6F0AEC432448";
				SDKROOT = iphoneos;
				TARGETED_DEVICE_FAMILY = "1,2";
				VALIDATE_PRODUCT = YES;
			};
			name = Release;
		};
		235C240D1548BBAD00919081 /* Debug */ = {
			isa = XCBuildConfiguration;
			buildSettings = {
				GCC_PRECOMPILE_PREFIX_HEADER = YES;
				GCC_PREFIX_HEADER = "MIMChartLib/MIMChartLib-Prefix.pch";
				INFOPLIST_FILE = "MIMChartLib/MIMChartLib-Info.plist";
				IPHONEOS_DEPLOYMENT_TARGET = 4.0;
				PRODUCT_NAME = "$(TARGET_NAME)";
				WRAPPER_EXTENSION = app;
			};
			name = Debug;
		};
		235C240E1548BBAD00919081 /* Release */ = {
			isa = XCBuildConfiguration;
			buildSettings = {
				GCC_PRECOMPILE_PREFIX_HEADER = YES;
				GCC_PREFIX_HEADER = "MIMChartLib/MIMChartLib-Prefix.pch";
				INFOPLIST_FILE = "MIMChartLib/MIMChartLib-Info.plist";
				IPHONEOS_DEPLOYMENT_TARGET = 4.0;
				PRODUCT_NAME = "$(TARGET_NAME)";
				WRAPPER_EXTENSION = app;
			};
			name = Release;
		};
		23720C1015B8D13A00D7D180 /* Ad Hoc */ = {
			isa = XCBuildConfiguration;
			buildSettings = {
				ALWAYS_SEARCH_USER_PATHS = NO;
				ARCHS = "$(ARCHS_STANDARD_32_BIT)";
				CLANG_ENABLE_OBJC_ARC = YES;
				CODE_SIGN_IDENTITY = "iPhone Distribution: Michael Bok";
				"CODE_SIGN_IDENTITY[sdk=iphoneos*]" = "iPhone Distribution: Michael Bok";
				COPY_PHASE_STRIP = YES;
				GCC_C_LANGUAGE_STANDARD = gnu99;
				GCC_VERSION = com.apple.compilers.llvm.clang.1_0;
				GCC_WARN_ABOUT_MISSING_PROTOTYPES = YES;
				GCC_WARN_ABOUT_RETURN_TYPE = YES;
				GCC_WARN_UNUSED_VARIABLE = YES;
				IPHONEOS_DEPLOYMENT_TARGET = 4.0;
				OTHER_CFLAGS = "-DNS_BLOCK_ASSERTIONS=1";
				PROVISIONING_PROFILE = "3853D13B-6C67-44CD-AF92-6F0AEC432448";
				"PROVISIONING_PROFILE[sdk=iphoneos*]" = "3853D13B-6C67-44CD-AF92-6F0AEC432448";
				SDKROOT = iphoneos;
				TARGETED_DEVICE_FAMILY = "1,2";
				VALIDATE_PRODUCT = YES;
			};
			name = "Ad Hoc";
		};
		23720C1115B8D13A00D7D180 /* Ad Hoc */ = {
			isa = XCBuildConfiguration;
			buildSettings = {
				GCC_PRECOMPILE_PREFIX_HEADER = YES;
				GCC_PREFIX_HEADER = "MIMChartLib/MIMChartLib-Prefix.pch";
				INFOPLIST_FILE = "MIMChartLib/MIMChartLib-Info.plist";
				IPHONEOS_DEPLOYMENT_TARGET = 4.0;
				PRODUCT_NAME = "$(TARGET_NAME)";
				WRAPPER_EXTENSION = app;
			};
			name = "Ad Hoc";
		};
/* End XCBuildConfiguration section */

/* Begin XCConfigurationList section */
		235C23EE1548BBAD00919081 /* Build configuration list for PBXProject "MIMChartLib" */ = {
			isa = XCConfigurationList;
			buildConfigurations = (
				235C240A1548BBAD00919081 /* Debug */,
				235C240B1548BBAD00919081 /* Release */,
				23720C1015B8D13A00D7D180 /* Ad Hoc */,
			);
			defaultConfigurationIsVisible = 0;
			defaultConfigurationName = Debug;
		};
		235C240C1548BBAD00919081 /* Build configuration list for PBXNativeTarget "MIMChartLib" */ = {
			isa = XCConfigurationList;
			buildConfigurations = (
				235C240D1548BBAD00919081 /* Debug */,
				235C240E1548BBAD00919081 /* Release */,
				23720C1115B8D13A00D7D180 /* Ad Hoc */,
			);
			defaultConfigurationIsVisible = 0;
			defaultConfigurationName = Debug;
		};
/* End XCConfigurationList section */
	};
	rootObject = 235C23EB1548BBAD00919081 /* Project object */;
}
