// !$*UTF8*$!
{
	archiveVersion = 1;
	classes = {
	};
	objectVersion = 46;
	objects = {

/* Begin PBXBuildFile section */
		042BD5B4153DF90F0002C94D /* BasicPieChartTestClass.m in Sources */ = {isa = PBXBuildFile; fileRef = 042BD5A9153DF90F0002C94D /* BasicPieChartTestClass.m */; };
		042BD5B5153DF90F0002C94D /* BevelPieChartTestClass.m in Sources */ = {isa = PBXBuildFile; fileRef = 042BD5AB153DF90F0002C94D /* BevelPieChartTestClass.m */; };
		042BD5B6153DF90F0002C94D /* PaddedPieChartTestClass.m in Sources */ = {isa = PBXBuildFile; fileRef = 042BD5AD153DF90F0002C94D /* PaddedPieChartTestClass.m */; };
		042BD5B7153DF90F0002C94D /* facebook.png in Resources */ = {isa = PBXBuildFile; fileRef = 042BD5AE153DF90F0002C94D /* facebook.png */; };
		042BD5B8153DF90F0002C94D /* trans_icon.png in Resources */ = {isa = PBXBuildFile; fileRef = 042BD5AF153DF90F0002C94D /* trans_icon.png */; };
		042BD5B9153DF90F0002C94D /* BiTransPieChartTestClass.m in Sources */ = {isa = PBXBuildFile; fileRef = 042BD5B1153DF90F0002C94D /* BiTransPieChartTestClass.m */; };
		042BD5BA153DF90F0002C94D /* SectionedPieChartTestClass.m in Sources */ = {isa = PBXBuildFile; fileRef = 042BD5B3153DF90F0002C94D /* SectionedPieChartTestClass.m */; };
		042BD5C0153DF9390002C94D /* MIMColorClass.m in Sources */ = {isa = PBXBuildFile; fileRef = 042BD5BF153DF9390002C94D /* MIMColorClass.m */; };
		042BD5D8153DF9610002C94D /* BasicPieChartSample.png in Resources */ = {isa = PBXBuildFile; fileRef = 042BD5C2153DF9610002C94D /* BasicPieChartSample.png */; };
		042BD5D9153DF9610002C94D /* BasicPieChart.m in Sources */ = {isa = PBXBuildFile; fileRef = 042BD5C4153DF9610002C94D /* BasicPieChart.m */; };
		042BD5DA153DF9610002C94D /* BevelPieChart.png in Resources */ = {isa = PBXBuildFile; fileRef = 042BD5C5153DF9610002C94D /* BevelPieChart.png */; };
		042BD5DB153DF9610002C94D /* BevelPieChart.m in Sources */ = {isa = PBXBuildFile; fileRef = 042BD5C7153DF9610002C94D /* BevelPieChart.m */; };
		042BD5DC153DF9610002C94D /* BiTransPieCHartSample.png in Resources */ = {isa = PBXBuildFile; fileRef = 042BD5C8153DF9610002C94D /* BiTransPieCHartSample.png */; };
		042BD5DD153DF9610002C94D /* BiTransPieChart.m in Sources */ = {isa = PBXBuildFile; fileRef = 042BD5CA153DF9610002C94D /* BiTransPieChart.m */; };
		042BD5DE153DF9610002C94D /* padded_pie_chart.png in Resources */ = {isa = PBXBuildFile; fileRef = 042BD5CB153DF9610002C94D /* padded_pie_chart.png */; };
		042BD5DF153DF9610002C94D /* PaddedPieChart.m in Sources */ = {isa = PBXBuildFile; fileRef = 042BD5CD153DF9610002C94D /* PaddedPieChart.m */; };
		042BD5E0153DF9610002C94D /* sectioned_pie_chart.png in Resources */ = {isa = PBXBuildFile; fileRef = 042BD5CE153DF9610002C94D /* sectioned_pie_chart.png */; };
		042BD5E1153DF9610002C94D /* SectionedPieChart.m in Sources */ = {isa = PBXBuildFile; fileRef = 042BD5D0153DF9610002C94D /* SectionedPieChart.m */; };
		042BD5E2153DF9610002C94D /* OthersPart1.png in Resources */ = {isa = PBXBuildFile; fileRef = 042BD5D1153DF9610002C94D /* OthersPart1.png */; };
		042BD5E3153DF9610002C94D /* otherspart2.png in Resources */ = {isa = PBXBuildFile; fileRef = 042BD5D2153DF9610002C94D /* otherspart2.png */; };
		042BD5E4153DF9610002C94D /* OthersPieChart.m in Sources */ = {isa = PBXBuildFile; fileRef = 042BD5D4153DF9610002C94D /* OthersPieChart.m */; };
		042BD5E5153DF9610002C94D /* layeredpiechart.jpg in Resources */ = {isa = PBXBuildFile; fileRef = 042BD5D5153DF9610002C94D /* layeredpiechart.jpg */; };
		042BD5E6153DF9610002C94D /* LayeredPieChart.m in Sources */ = {isa = PBXBuildFile; fileRef = 042BD5D7153DF9610002C94D /* LayeredPieChart.m */; };
		2309CEAA140C95700038C78E /* Anchor.m in Sources */ = {isa = PBXBuildFile; fileRef = 2309CE70140C95700038C78E /* Anchor.m */; };
		2309CEAB140C95700038C78E /* AnchorInfo.m in Sources */ = {isa = PBXBuildFile; fileRef = 2309CE72140C95700038C78E /* AnchorInfo.m */; };
		2309CEAC140C95700038C78E /* CustomBox.m in Sources */ = {isa = PBXBuildFile; fileRef = 2309CE74140C95700038C78E /* CustomBox.m */; };
		2309CEAD140C95700038C78E /* XAxisBand.m in Sources */ = {isa = PBXBuildFile; fileRef = 2309CE76140C95700038C78E /* XAxisBand.m */; };
		2309CEAE140C95700038C78E /* XAxisLabel.m in Sources */ = {isa = PBXBuildFile; fileRef = 2309CE78140C95700038C78E /* XAxisLabel.m */; };
		2309CEAF140C95700038C78E /* YAxisBand.m in Sources */ = {isa = PBXBuildFile; fileRef = 2309CE7A140C95700038C78E /* YAxisBand.m */; };
		2309CEB0140C95700038C78E /* BarChart.m in Sources */ = {isa = PBXBuildFile; fileRef = 2309CE7D140C95700038C78E /* BarChart.m */; };
		2309CEB1140C95700038C78E /* BarView.m in Sources */ = {isa = PBXBuildFile; fileRef = 2309CE7F140C95700038C78E /* BarView.m */; };
		2309CEB2140C95700038C78E /* Cluster.m in Sources */ = {isa = PBXBuildFile; fileRef = 2309CE82140C95700038C78E /* Cluster.m */; };
		2309CEB3140C95700038C78E /* ClusterGraph.m in Sources */ = {isa = PBXBuildFile; fileRef = 2309CE84140C95700038C78E /* ClusterGraph.m */; };
		2309CEB4140C95700038C78E /* MIMColor.m in Sources */ = {isa = PBXBuildFile; fileRef = 2309CE87140C95700038C78E /* MIMColor.m */; };
		2309CEB5140C95700038C78E /* FragmentedBar.m in Sources */ = {isa = PBXBuildFile; fileRef = 2309CE8A140C95700038C78E /* FragmentedBar.m */; };
		2309CEB6140C95700038C78E /* FragmentedBarChart.m in Sources */ = {isa = PBXBuildFile; fileRef = 2309CE8C140C95700038C78E /* FragmentedBarChart.m */; };
		2309CEB7140C95700038C78E /* 2DFragmentedDoughNut.m in Sources */ = {isa = PBXBuildFile; fileRef = 2309CE8F140C95700038C78E /* 2DFragmentedDoughNut.m */; };
		2309CEB8140C95700038C78E /* DoughtNutFragmentTitle.m in Sources */ = {isa = PBXBuildFile; fileRef = 2309CE91140C95700038C78E /* DoughtNutFragmentTitle.m */; };
		2309CEB9140C95700038C78E /* LineGraph.m in Sources */ = {isa = PBXBuildFile; fileRef = 2309CE95140C95700038C78E /* LineGraph.m */; };
		2309CEBA140C95700038C78E /* LineInfoBox.m in Sources */ = {isa = PBXBuildFile; fileRef = 2309CE97140C95700038C78E /* LineInfoBox.m */; };
		2309CEBB140C95700038C78E /* lines.png in Resources */ = {isa = PBXBuildFile; fileRef = 2309CE98140C95700038C78E /* lines.png */; };
		2309CEBC140C95700038C78E /* lines1.png in Resources */ = {isa = PBXBuildFile; fileRef = 2309CE99140C95700038C78E /* lines1.png */; };
		2309CEBD140C95700038C78E /* MIMPieChart.m in Sources */ = {isa = PBXBuildFile; fileRef = 2309CE9C140C95700038C78E /* MIMPieChart.m */; };
		2309CEBE140C95700038C78E /* WallGraph.m in Sources */ = {isa = PBXBuildFile; fileRef = 2309CE9F140C95700038C78E /* WallGraph.m */; };
		2309CEBF140C95700038C78E /* WallTestClass.m in Sources */ = {isa = PBXBuildFile; fileRef = 2309CEA1140C95700038C78E /* WallTestClass.m */; };
		2309CED0140C98760038C78E /* BarTestClass.m in Sources */ = {isa = PBXBuildFile; fileRef = 2309CEC2140C98760038C78E /* BarTestClass.m */; };
		2309CED1140C98760038C78E /* ClusterTestClass.m in Sources */ = {isa = PBXBuildFile; fileRef = 2309CEC4140C98760038C78E /* ClusterTestClass.m */; };
		2309CED2140C98760038C78E /* FragmentedBarTestClass.m in Sources */ = {isa = PBXBuildFile; fileRef = 2309CEC6140C98760038C78E /* FragmentedBarTestClass.m */; };
		2309CED3140C98760038C78E /* GroupBarTestClass.m in Sources */ = {isa = PBXBuildFile; fileRef = 2309CEC8140C98760038C78E /* GroupBarTestClass.m */; };
		2309CED4140C98760038C78E /* TestClass.m in Sources */ = {isa = PBXBuildFile; fileRef = 2309CECA140C98760038C78E /* TestClass.m */; };
		2309CED5140C98760038C78E /* TestClass.xib in Resources */ = {isa = PBXBuildFile; fileRef = 2309CECB140C98760038C78E /* TestClass.xib */; };
		2309CED6140C98760038C78E /* TestClassFragmented.m in Sources */ = {isa = PBXBuildFile; fileRef = 2309CECD140C98760038C78E /* TestClassFragmented.m */; };
		2309CED7140C98760038C78E /* TestLineClass.m in Sources */ = {isa = PBXBuildFile; fileRef = 2309CECF140C98760038C78E /* TestLineClass.m */; };
		23228ADD13F3A7660001DE38 /* myTable.csv in Resources */ = {isa = PBXBuildFile; fileRef = 23228ADC13F3A7660001DE38 /* myTable.csv */; };
		2333A89C13F5573A00229FE1 /* QuartzCore.framework in Frameworks */ = {isa = PBXBuildFile; fileRef = 2333A89B13F5573A00229FE1 /* QuartzCore.framework */; };
		236AF93613F28D30008A538D /* UIKit.framework in Frameworks */ = {isa = PBXBuildFile; fileRef = 236AF93513F28D30008A538D /* UIKit.framework */; };
		236AF93813F28D30008A538D /* Foundation.framework in Frameworks */ = {isa = PBXBuildFile; fileRef = 236AF93713F28D30008A538D /* Foundation.framework */; };
		236AF93A13F28D30008A538D /* CoreGraphics.framework in Frameworks */ = {isa = PBXBuildFile; fileRef = 236AF93913F28D30008A538D /* CoreGraphics.framework */; };
		236AF94013F28D30008A538D /* InfoPlist.strings in Resources */ = {isa = PBXBuildFile; fileRef = 236AF93E13F28D30008A538D /* InfoPlist.strings */; };
		236AF94313F28D30008A538D /* main.m in Sources */ = {isa = PBXBuildFile; fileRef = 236AF94213F28D30008A538D /* main.m */; };
		236AF94613F28D30008A538D /* MIMChartLibAppDelegate.m in Sources */ = {isa = PBXBuildFile; fileRef = 236AF94513F28D30008A538D /* MIMChartLibAppDelegate.m */; };
		236AF94913F28D30008A538D /* MainWindow.xib in Resources */ = {isa = PBXBuildFile; fileRef = 236AF94713F28D30008A538D /* MainWindow.xib */; };
		238BCE13140ABD3900BF9CE6 /* myTableLinesWithIntOnly.csv in Resources */ = {isa = PBXBuildFile; fileRef = 238BCE12140ABD3900BF9CE6 /* myTableLinesWithIntOnly.csv */; };
		238EB77413FBB89300F0A21C /* myTableCluster.csv in Resources */ = {isa = PBXBuildFile; fileRef = 238EB77313FBB89300F0A21C /* myTableCluster.csv */; };
		238EB77C13FBC78E00F0A21C /* myTableFragmentedBar.csv in Resources */ = {isa = PBXBuildFile; fileRef = 238EB77B13FBC78E00F0A21C /* myTableFragmentedBar.csv */; };
		23C0D9DF13F5A13400F72BF4 /* CoreText.framework in Frameworks */ = {isa = PBXBuildFile; fileRef = 23C0D9DE13F5A13400F72BF4 /* CoreText.framework */; };
		23C0DA3913F9101400F72BF4 /* myTable1.csv in Resources */ = {isa = PBXBuildFile; fileRef = 23C0DA3813F9101400F72BF4 /* myTable1.csv */; };
		23C0DA4A13F9353E00F72BF4 /* myTable2.csv in Resources */ = {isa = PBXBuildFile; fileRef = 23C0DA4913F9353E00F72BF4 /* myTable2.csv */; };
		23C0DA6113F9B79E00F72BF4 /* myTableBar.csv in Resources */ = {isa = PBXBuildFile; fileRef = 23C0DA6013F9B79E00F72BF4 /* myTableBar.csv */; };
/* End PBXBuildFile section */

/* Begin PBXFileReference section */
		042BD5A8153DF90F0002C94D /* BasicPieChartTestClass.h */ = {isa = PBXFileReference; fileEncoding = 4; lastKnownFileType = sourcecode.c.h; path = BasicPieChartTestClass.h; sourceTree = "<group>"; };
		042BD5A9153DF90F0002C94D /* BasicPieChartTestClass.m */ = {isa = PBXFileReference; fileEncoding = 4; lastKnownFileType = sourcecode.c.objc; path = BasicPieChartTestClass.m; sourceTree = "<group>"; };
		042BD5AA153DF90F0002C94D /* BevelPieChartTestClass.h */ = {isa = PBXFileReference; fileEncoding = 4; lastKnownFileType = sourcecode.c.h; path = BevelPieChartTestClass.h; sourceTree = "<group>"; };
		042BD5AB153DF90F0002C94D /* BevelPieChartTestClass.m */ = {isa = PBXFileReference; fileEncoding = 4; lastKnownFileType = sourcecode.c.objc; path = BevelPieChartTestClass.m; sourceTree = "<group>"; };
		042BD5AC153DF90F0002C94D /* PaddedPieChartTestClass.h */ = {isa = PBXFileReference; fileEncoding = 4; lastKnownFileType = sourcecode.c.h; path = PaddedPieChartTestClass.h; sourceTree = "<group>"; };
		042BD5AD153DF90F0002C94D /* PaddedPieChartTestClass.m */ = {isa = PBXFileReference; fileEncoding = 4; lastKnownFileType = sourcecode.c.objc; path = PaddedPieChartTestClass.m; sourceTree = "<group>"; };
		042BD5AE153DF90F0002C94D /* facebook.png */ = {isa = PBXFileReference; lastKnownFileType = image.png; path = facebook.png; sourceTree = "<group>"; };
		042BD5AF153DF90F0002C94D /* trans_icon.png */ = {isa = PBXFileReference; lastKnownFileType = image.png; path = trans_icon.png; sourceTree = "<group>"; };
		042BD5B0153DF90F0002C94D /* BiTransPieChartTestClass.h */ = {isa = PBXFileReference; fileEncoding = 4; lastKnownFileType = sourcecode.c.h; path = BiTransPieChartTestClass.h; sourceTree = "<group>"; };
		042BD5B1153DF90F0002C94D /* BiTransPieChartTestClass.m */ = {isa = PBXFileReference; fileEncoding = 4; lastKnownFileType = sourcecode.c.objc; path = BiTransPieChartTestClass.m; sourceTree = "<group>"; };
		042BD5B2153DF90F0002C94D /* SectionedPieChartTestClass.h */ = {isa = PBXFileReference; fileEncoding = 4; lastKnownFileType = sourcecode.c.h; path = SectionedPieChartTestClass.h; sourceTree = "<group>"; };
		042BD5B3153DF90F0002C94D /* SectionedPieChartTestClass.m */ = {isa = PBXFileReference; fileEncoding = 4; lastKnownFileType = sourcecode.c.objc; path = SectionedPieChartTestClass.m; sourceTree = "<group>"; };
		042BD5BD153DF92C0002C94D /* Constant.h */ = {isa = PBXFileReference; fileEncoding = 4; lastKnownFileType = sourcecode.c.h; path = Constant.h; sourceTree = "<group>"; };
		042BD5BE153DF9390002C94D /* MIMColorClass.h */ = {isa = PBXFileReference; fileEncoding = 4; lastKnownFileType = sourcecode.c.h; path = MIMColorClass.h; sourceTree = "<group>"; };
		042BD5BF153DF9390002C94D /* MIMColorClass.m */ = {isa = PBXFileReference; fileEncoding = 4; lastKnownFileType = sourcecode.c.objc; path = MIMColorClass.m; sourceTree = "<group>"; };
		042BD5C1153DF9610002C94D /* MIMPieChartDelegate.h */ = {isa = PBXFileReference; fileEncoding = 4; lastKnownFileType = sourcecode.c.h; path = MIMPieChartDelegate.h; sourceTree = "<group>"; };
		042BD5C2153DF9610002C94D /* BasicPieChartSample.png */ = {isa = PBXFileReference; lastKnownFileType = image.png; path = BasicPieChartSample.png; sourceTree = "<group>"; };
		042BD5C3153DF9610002C94D /* BasicPieChart.h */ = {isa = PBXFileReference; fileEncoding = 4; lastKnownFileType = sourcecode.c.h; path = BasicPieChart.h; sourceTree = "<group>"; };
		042BD5C4153DF9610002C94D /* BasicPieChart.m */ = {isa = PBXFileReference; fileEncoding = 4; lastKnownFileType = sourcecode.c.objc; path = BasicPieChart.m; sourceTree = "<group>"; };
		042BD5C5153DF9610002C94D /* BevelPieChart.png */ = {isa = PBXFileReference; lastKnownFileType = image.png; path = BevelPieChart.png; sourceTree = "<group>"; };
		042BD5C6153DF9610002C94D /* BevelPieChart.h */ = {isa = PBXFileReference; fileEncoding = 4; lastKnownFileType = sourcecode.c.h; path = BevelPieChart.h; sourceTree = "<group>"; };
		042BD5C7153DF9610002C94D /* BevelPieChart.m */ = {isa = PBXFileReference; fileEncoding = 4; lastKnownFileType = sourcecode.c.objc; path = BevelPieChart.m; sourceTree = "<group>"; };
		042BD5C8153DF9610002C94D /* BiTransPieCHartSample.png */ = {isa = PBXFileReference; lastKnownFileType = image.png; path = BiTransPieCHartSample.png; sourceTree = "<group>"; };
		042BD5C9153DF9610002C94D /* BiTransPieChart.h */ = {isa = PBXFileReference; fileEncoding = 4; lastKnownFileType = sourcecode.c.h; path = BiTransPieChart.h; sourceTree = "<group>"; };
		042BD5CA153DF9610002C94D /* BiTransPieChart.m */ = {isa = PBXFileReference; fileEncoding = 4; lastKnownFileType = sourcecode.c.objc; path = BiTransPieChart.m; sourceTree = "<group>"; };
		042BD5CB153DF9610002C94D /* padded_pie_chart.png */ = {isa = PBXFileReference; lastKnownFileType = image.png; path = padded_pie_chart.png; sourceTree = "<group>"; };
		042BD5CC153DF9610002C94D /* PaddedPieChart.h */ = {isa = PBXFileReference; fileEncoding = 4; lastKnownFileType = sourcecode.c.h; path = PaddedPieChart.h; sourceTree = "<group>"; };
		042BD5CD153DF9610002C94D /* PaddedPieChart.m */ = {isa = PBXFileReference; fileEncoding = 4; lastKnownFileType = sourcecode.c.objc; path = PaddedPieChart.m; sourceTree = "<group>"; };
		042BD5CE153DF9610002C94D /* sectioned_pie_chart.png */ = {isa = PBXFileReference; lastKnownFileType = image.png; path = sectioned_pie_chart.png; sourceTree = "<group>"; };
		042BD5CF153DF9610002C94D /* SectionedPieChart.h */ = {isa = PBXFileReference; fileEncoding = 4; lastKnownFileType = sourcecode.c.h; path = SectionedPieChart.h; sourceTree = "<group>"; };
		042BD5D0153DF9610002C94D /* SectionedPieChart.m */ = {isa = PBXFileReference; fileEncoding = 4; lastKnownFileType = sourcecode.c.objc; path = SectionedPieChart.m; sourceTree = "<group>"; };
		042BD5D1153DF9610002C94D /* OthersPart1.png */ = {isa = PBXFileReference; lastKnownFileType = image.png; path = OthersPart1.png; sourceTree = "<group>"; };
		042BD5D2153DF9610002C94D /* otherspart2.png */ = {isa = PBXFileReference; lastKnownFileType = image.png; path = otherspart2.png; sourceTree = "<group>"; };
		042BD5D3153DF9610002C94D /* OthersPieChart.h */ = {isa = PBXFileReference; fileEncoding = 4; lastKnownFileType = sourcecode.c.h; path = OthersPieChart.h; sourceTree = "<group>"; };
		042BD5D4153DF9610002C94D /* OthersPieChart.m */ = {isa = PBXFileReference; fileEncoding = 4; lastKnownFileType = sourcecode.c.objc; path = OthersPieChart.m; sourceTree = "<group>"; };
		042BD5D5153DF9610002C94D /* layeredpiechart.jpg */ = {isa = PBXFileReference; lastKnownFileType = image.jpeg; path = layeredpiechart.jpg; sourceTree = "<group>"; };
		042BD5D6153DF9610002C94D /* LayeredPieChart.h */ = {isa = PBXFileReference; fileEncoding = 4; lastKnownFileType = sourcecode.c.h; path = LayeredPieChart.h; sourceTree = "<group>"; };
		042BD5D7153DF9610002C94D /* LayeredPieChart.m */ = {isa = PBXFileReference; fileEncoding = 4; lastKnownFileType = sourcecode.c.objc; path = LayeredPieChart.m; sourceTree = "<group>"; };
		2309CE6F140C95700038C78E /* Anchor.h */ = {isa = PBXFileReference; fileEncoding = 4; lastKnownFileType = sourcecode.c.h; path = Anchor.h; sourceTree = "<group>"; };
		2309CE70140C95700038C78E /* Anchor.m */ = {isa = PBXFileReference; fileEncoding = 4; lastKnownFileType = sourcecode.c.objc; path = Anchor.m; sourceTree = "<group>"; };
		2309CE71140C95700038C78E /* AnchorInfo.h */ = {isa = PBXFileReference; fileEncoding = 4; lastKnownFileType = sourcecode.c.h; path = AnchorInfo.h; sourceTree = "<group>"; };
		2309CE72140C95700038C78E /* AnchorInfo.m */ = {isa = PBXFileReference; fileEncoding = 4; lastKnownFileType = sourcecode.c.objc; path = AnchorInfo.m; sourceTree = "<group>"; };
		2309CE73140C95700038C78E /* CustomBox.h */ = {isa = PBXFileReference; fileEncoding = 4; lastKnownFileType = sourcecode.c.h; path = CustomBox.h; sourceTree = "<group>"; };
		2309CE74140C95700038C78E /* CustomBox.m */ = {isa = PBXFileReference; fileEncoding = 4; lastKnownFileType = sourcecode.c.objc; path = CustomBox.m; sourceTree = "<group>"; };
		2309CE75140C95700038C78E /* XAxisBand.h */ = {isa = PBXFileReference; fileEncoding = 4; lastKnownFileType = sourcecode.c.h; path = XAxisBand.h; sourceTree = "<group>"; };
		2309CE76140C95700038C78E /* XAxisBand.m */ = {isa = PBXFileReference; fileEncoding = 4; lastKnownFileType = sourcecode.c.objc; path = XAxisBand.m; sourceTree = "<group>"; };
		2309CE77140C95700038C78E /* XAxisLabel.h */ = {isa = PBXFileReference; fileEncoding = 4; lastKnownFileType = sourcecode.c.h; path = XAxisLabel.h; sourceTree = "<group>"; };
		2309CE78140C95700038C78E /* XAxisLabel.m */ = {isa = PBXFileReference; fileEncoding = 4; lastKnownFileType = sourcecode.c.objc; path = XAxisLabel.m; sourceTree = "<group>"; };
		2309CE79140C95700038C78E /* YAxisBand.h */ = {isa = PBXFileReference; fileEncoding = 4; lastKnownFileType = sourcecode.c.h; path = YAxisBand.h; sourceTree = "<group>"; };
		2309CE7A140C95700038C78E /* YAxisBand.m */ = {isa = PBXFileReference; fileEncoding = 4; lastKnownFileType = sourcecode.c.objc; path = YAxisBand.m; sourceTree = "<group>"; };
		2309CE7C140C95700038C78E /* BarChart.h */ = {isa = PBXFileReference; fileEncoding = 4; lastKnownFileType = sourcecode.c.h; path = BarChart.h; sourceTree = "<group>"; };
		2309CE7D140C95700038C78E /* BarChart.m */ = {isa = PBXFileReference; fileEncoding = 4; lastKnownFileType = sourcecode.c.objc; path = BarChart.m; sourceTree = "<group>"; };
		2309CE7E140C95700038C78E /* BarView.h */ = {isa = PBXFileReference; fileEncoding = 4; lastKnownFileType = sourcecode.c.h; path = BarView.h; sourceTree = "<group>"; };
		2309CE7F140C95700038C78E /* BarView.m */ = {isa = PBXFileReference; fileEncoding = 4; lastKnownFileType = sourcecode.c.objc; path = BarView.m; sourceTree = "<group>"; };
		2309CE81140C95700038C78E /* Cluster.h */ = {isa = PBXFileReference; fileEncoding = 4; lastKnownFileType = sourcecode.c.h; path = Cluster.h; sourceTree = "<group>"; };
		2309CE82140C95700038C78E /* Cluster.m */ = {isa = PBXFileReference; fileEncoding = 4; lastKnownFileType = sourcecode.c.objc; path = Cluster.m; sourceTree = "<group>"; };
		2309CE83140C95700038C78E /* ClusterGraph.h */ = {isa = PBXFileReference; fileEncoding = 4; lastKnownFileType = sourcecode.c.h; path = ClusterGraph.h; sourceTree = "<group>"; };
		2309CE84140C95700038C78E /* ClusterGraph.m */ = {isa = PBXFileReference; fileEncoding = 4; lastKnownFileType = sourcecode.c.objc; path = ClusterGraph.m; sourceTree = "<group>"; };
		2309CE86140C95700038C78E /* MIMColor.h */ = {isa = PBXFileReference; fileEncoding = 4; lastKnownFileType = sourcecode.c.h; path = MIMColor.h; sourceTree = "<group>"; };
		2309CE87140C95700038C78E /* MIMColor.m */ = {isa = PBXFileReference; fileEncoding = 4; lastKnownFileType = sourcecode.c.objc; path = MIMColor.m; sourceTree = "<group>"; };
		2309CE89140C95700038C78E /* FragmentedBar.h */ = {isa = PBXFileReference; fileEncoding = 4; lastKnownFileType = sourcecode.c.h; path = FragmentedBar.h; sourceTree = "<group>"; };
		2309CE8A140C95700038C78E /* FragmentedBar.m */ = {isa = PBXFileReference; fileEncoding = 4; lastKnownFileType = sourcecode.c.objc; path = FragmentedBar.m; sourceTree = "<group>"; };
		2309CE8B140C95700038C78E /* FragmentedBarChart.h */ = {isa = PBXFileReference; fileEncoding = 4; lastKnownFileType = sourcecode.c.h; path = FragmentedBarChart.h; sourceTree = "<group>"; };
		2309CE8C140C95700038C78E /* FragmentedBarChart.m */ = {isa = PBXFileReference; fileEncoding = 4; lastKnownFileType = sourcecode.c.objc; path = FragmentedBarChart.m; sourceTree = "<group>"; };
		2309CE8E140C95700038C78E /* 2DFragmentedDoughNut.h */ = {isa = PBXFileReference; fileEncoding = 4; lastKnownFileType = sourcecode.c.h; path = 2DFragmentedDoughNut.h; sourceTree = "<group>"; };
		2309CE8F140C95700038C78E /* 2DFragmentedDoughNut.m */ = {isa = PBXFileReference; fileEncoding = 4; lastKnownFileType = sourcecode.c.objc; path = 2DFragmentedDoughNut.m; sourceTree = "<group>"; };
		2309CE90140C95700038C78E /* DoughtNutFragmentTitle.h */ = {isa = PBXFileReference; fileEncoding = 4; lastKnownFileType = sourcecode.c.h; path = DoughtNutFragmentTitle.h; sourceTree = "<group>"; };
		2309CE91140C95700038C78E /* DoughtNutFragmentTitle.m */ = {isa = PBXFileReference; fileEncoding = 4; lastKnownFileType = sourcecode.c.objc; path = DoughtNutFragmentTitle.m; sourceTree = "<group>"; };
		2309CE94140C95700038C78E /* LineGraph.h */ = {isa = PBXFileReference; fileEncoding = 4; lastKnownFileType = sourcecode.c.h; path = LineGraph.h; sourceTree = "<group>"; };
		2309CE95140C95700038C78E /* LineGraph.m */ = {isa = PBXFileReference; fileEncoding = 4; lastKnownFileType = sourcecode.c.objc; path = LineGraph.m; sourceTree = "<group>"; };
		2309CE96140C95700038C78E /* LineInfoBox.h */ = {isa = PBXFileReference; fileEncoding = 4; lastKnownFileType = sourcecode.c.h; path = LineInfoBox.h; sourceTree = "<group>"; };
		2309CE97140C95700038C78E /* LineInfoBox.m */ = {isa = PBXFileReference; fileEncoding = 4; lastKnownFileType = sourcecode.c.objc; path = LineInfoBox.m; sourceTree = "<group>"; };
		2309CE98140C95700038C78E /* lines.png */ = {isa = PBXFileReference; lastKnownFileType = image.png; path = lines.png; sourceTree = "<group>"; };
		2309CE99140C95700038C78E /* lines1.png */ = {isa = PBXFileReference; lastKnownFileType = image.png; path = lines1.png; sourceTree = "<group>"; };
		2309CE9B140C95700038C78E /* MIMPieChart.h */ = {isa = PBXFileReference; fileEncoding = 4; lastKnownFileType = sourcecode.c.h; path = MIMPieChart.h; sourceTree = "<group>"; };
		2309CE9C140C95700038C78E /* MIMPieChart.m */ = {isa = PBXFileReference; fileEncoding = 4; lastKnownFileType = sourcecode.c.objc; path = MIMPieChart.m; sourceTree = "<group>"; };
		2309CE9E140C95700038C78E /* WallGraph.h */ = {isa = PBXFileReference; fileEncoding = 4; lastKnownFileType = sourcecode.c.h; path = WallGraph.h; sourceTree = "<group>"; };
		2309CE9F140C95700038C78E /* WallGraph.m */ = {isa = PBXFileReference; fileEncoding = 4; lastKnownFileType = sourcecode.c.objc; path = WallGraph.m; sourceTree = "<group>"; };
		2309CEA0140C95700038C78E /* WallTestClass.h */ = {isa = PBXFileReference; fileEncoding = 4; lastKnownFileType = sourcecode.c.h; path = WallTestClass.h; sourceTree = "<group>"; };
		2309CEA1140C95700038C78E /* WallTestClass.m */ = {isa = PBXFileReference; fileEncoding = 4; lastKnownFileType = sourcecode.c.objc; path = WallTestClass.m; sourceTree = "<group>"; };
		2309CEC1140C98760038C78E /* BarTestClass.h */ = {isa = PBXFileReference; fileEncoding = 4; lastKnownFileType = sourcecode.c.h; path = BarTestClass.h; sourceTree = "<group>"; };
		2309CEC2140C98760038C78E /* BarTestClass.m */ = {isa = PBXFileReference; fileEncoding = 4; lastKnownFileType = sourcecode.c.objc; path = BarTestClass.m; sourceTree = "<group>"; };
		2309CEC3140C98760038C78E /* ClusterTestClass.h */ = {isa = PBXFileReference; fileEncoding = 4; lastKnownFileType = sourcecode.c.h; path = ClusterTestClass.h; sourceTree = "<group>"; };
		2309CEC4140C98760038C78E /* ClusterTestClass.m */ = {isa = PBXFileReference; fileEncoding = 4; lastKnownFileType = sourcecode.c.objc; path = ClusterTestClass.m; sourceTree = "<group>"; };
		2309CEC5140C98760038C78E /* FragmentedBarTestClass.h */ = {isa = PBXFileReference; fileEncoding = 4; lastKnownFileType = sourcecode.c.h; path = FragmentedBarTestClass.h; sourceTree = "<group>"; };
		2309CEC6140C98760038C78E /* FragmentedBarTestClass.m */ = {isa = PBXFileReference; fileEncoding = 4; lastKnownFileType = sourcecode.c.objc; path = FragmentedBarTestClass.m; sourceTree = "<group>"; };
		2309CEC7140C98760038C78E /* GroupBarTestClass.h */ = {isa = PBXFileReference; fileEncoding = 4; lastKnownFileType = sourcecode.c.h; path = GroupBarTestClass.h; sourceTree = "<group>"; };
		2309CEC8140C98760038C78E /* GroupBarTestClass.m */ = {isa = PBXFileReference; fileEncoding = 4; lastKnownFileType = sourcecode.c.objc; path = GroupBarTestClass.m; sourceTree = "<group>"; };
		2309CEC9140C98760038C78E /* TestClass.h */ = {isa = PBXFileReference; fileEncoding = 4; lastKnownFileType = sourcecode.c.h; path = TestClass.h; sourceTree = "<group>"; };
		2309CECA140C98760038C78E /* TestClass.m */ = {isa = PBXFileReference; fileEncoding = 4; lastKnownFileType = sourcecode.c.objc; path = TestClass.m; sourceTree = "<group>"; };
		2309CECB140C98760038C78E /* TestClass.xib */ = {isa = PBXFileReference; fileEncoding = 4; lastKnownFileType = file.xib; path = TestClass.xib; sourceTree = "<group>"; };
		2309CECC140C98760038C78E /* TestClassFragmented.h */ = {isa = PBXFileReference; fileEncoding = 4; lastKnownFileType = sourcecode.c.h; path = TestClassFragmented.h; sourceTree = "<group>"; };
		2309CECD140C98760038C78E /* TestClassFragmented.m */ = {isa = PBXFileReference; fileEncoding = 4; lastKnownFileType = sourcecode.c.objc; path = TestClassFragmented.m; sourceTree = "<group>"; };
		2309CECE140C98760038C78E /* TestLineClass.h */ = {isa = PBXFileReference; fileEncoding = 4; lastKnownFileType = sourcecode.c.h; path = TestLineClass.h; sourceTree = "<group>"; };
		2309CECF140C98760038C78E /* TestLineClass.m */ = {isa = PBXFileReference; fileEncoding = 4; lastKnownFileType = sourcecode.c.objc; path = TestLineClass.m; sourceTree = "<group>"; };
		23228ADC13F3A7660001DE38 /* myTable.csv */ = {isa = PBXFileReference; fileEncoding = 4; lastKnownFileType = text; path = myTable.csv; sourceTree = "<group>"; };
		2333A89B13F5573A00229FE1 /* QuartzCore.framework */ = {isa = PBXFileReference; lastKnownFileType = wrapper.framework; name = QuartzCore.framework; path = System/Library/Frameworks/QuartzCore.framework; sourceTree = SDKROOT; };
		236AF93113F28D30008A538D /* MIMChartLib.app */ = {isa = PBXFileReference; explicitFileType = wrapper.application; includeInIndex = 0; path = MIMChartLib.app; sourceTree = BUILT_PRODUCTS_DIR; };
		236AF93513F28D30008A538D /* UIKit.framework */ = {isa = PBXFileReference; lastKnownFileType = wrapper.framework; name = UIKit.framework; path = System/Library/Frameworks/UIKit.framework; sourceTree = SDKROOT; };
		236AF93713F28D30008A538D /* Foundation.framework */ = {isa = PBXFileReference; lastKnownFileType = wrapper.framework; name = Foundation.framework; path = System/Library/Frameworks/Foundation.framework; sourceTree = SDKROOT; };
		236AF93913F28D30008A538D /* CoreGraphics.framework */ = {isa = PBXFileReference; lastKnownFileType = wrapper.framework; name = CoreGraphics.framework; path = System/Library/Frameworks/CoreGraphics.framework; sourceTree = SDKROOT; };
		236AF93D13F28D30008A538D /* MIMChartLib-Info.plist */ = {isa = PBXFileReference; lastKnownFileType = text.plist.xml; path = "MIMChartLib-Info.plist"; sourceTree = "<group>"; };
		236AF93F13F28D30008A538D /* en */ = {isa = PBXFileReference; lastKnownFileType = text.plist.strings; name = en; path = en.lproj/InfoPlist.strings; sourceTree = "<group>"; };
		236AF94113F28D30008A538D /* MIMChartLib-Prefix.pch */ = {isa = PBXFileReference; lastKnownFileType = sourcecode.c.h; path = "MIMChartLib-Prefix.pch"; sourceTree = "<group>"; };
		236AF94213F28D30008A538D /* main.m */ = {isa = PBXFileReference; lastKnownFileType = sourcecode.c.objc; path = main.m; sourceTree = "<group>"; };
		236AF94413F28D30008A538D /* MIMChartLibAppDelegate.h */ = {isa = PBXFileReference; lastKnownFileType = sourcecode.c.h; path = MIMChartLibAppDelegate.h; sourceTree = "<group>"; };
		236AF94513F28D30008A538D /* MIMChartLibAppDelegate.m */ = {isa = PBXFileReference; lastKnownFileType = sourcecode.c.objc; path = MIMChartLibAppDelegate.m; sourceTree = "<group>"; };
		236AF94813F28D30008A538D /* en */ = {isa = PBXFileReference; lastKnownFileType = file.xib; name = en; path = en.lproj/MainWindow.xib; sourceTree = "<group>"; };
		238BCE12140ABD3900BF9CE6 /* myTableLinesWithIntOnly.csv */ = {isa = PBXFileReference; fileEncoding = 4; lastKnownFileType = text; path = myTableLinesWithIntOnly.csv; sourceTree = "<group>"; };
		238EB77313FBB89300F0A21C /* myTableCluster.csv */ = {isa = PBXFileReference; fileEncoding = 4; lastKnownFileType = text; path = myTableCluster.csv; sourceTree = "<group>"; };
		238EB77B13FBC78E00F0A21C /* myTableFragmentedBar.csv */ = {isa = PBXFileReference; fileEncoding = 4; lastKnownFileType = text; path = myTableFragmentedBar.csv; sourceTree = "<group>"; };
		23C0D9DE13F5A13400F72BF4 /* CoreText.framework */ = {isa = PBXFileReference; lastKnownFileType = wrapper.framework; name = CoreText.framework; path = System/Library/Frameworks/CoreText.framework; sourceTree = SDKROOT; };
		23C0DA3813F9101400F72BF4 /* myTable1.csv */ = {isa = PBXFileReference; fileEncoding = 4; lastKnownFileType = text; path = myTable1.csv; sourceTree = "<group>"; };
		23C0DA4913F9353E00F72BF4 /* myTable2.csv */ = {isa = PBXFileReference; fileEncoding = 4; lastKnownFileType = text; path = myTable2.csv; sourceTree = "<group>"; };
		23C0DA6013F9B79E00F72BF4 /* myTableBar.csv */ = {isa = PBXFileReference; fileEncoding = 4; lastKnownFileType = text; path = myTableBar.csv; sourceTree = "<group>"; };
/* End PBXFileReference section */

/* Begin PBXFrameworksBuildPhase section */
		236AF92E13F28D30008A538D /* Frameworks */ = {
			isa = PBXFrameworksBuildPhase;
			buildActionMask = 2147483647;
			files = (
				23C0D9DF13F5A13400F72BF4 /* CoreText.framework in Frameworks */,
				2333A89C13F5573A00229FE1 /* QuartzCore.framework in Frameworks */,
				236AF93613F28D30008A538D /* UIKit.framework in Frameworks */,
				236AF93813F28D30008A538D /* Foundation.framework in Frameworks */,
				236AF93A13F28D30008A538D /* CoreGraphics.framework in Frameworks */,
			);
			runOnlyForDeploymentPostprocessing = 0;
		};
/* End PBXFrameworksBuildPhase section */

/* Begin PBXGroup section */
		2309CE6D140C95700038C78E /* Lib Files */ = {
			isa = PBXGroup;
			children = (
				2309CE6E140C95700038C78E /* Accessories */,
				2309CE7B140C95700038C78E /* Bar Chart */,
				2309CE80140C95700038C78E /* ClusterGraph */,
				2309CE85140C95700038C78E /* Colors */,
				2309CE88140C95700038C78E /* FragmentedBarChart */,
				2309CE8D140C95700038C78E /* FragmentedPieChart */,
				2309CE92140C95700038C78E /* Line Graph */,
				2309CE9A140C95700038C78E /* Pie Chart */,
				2309CE9D140C95700038C78E /* Wall Graph */,
			);
			path = "Lib Files";
			sourceTree = "<group>";
		};
		2309CE6E140C95700038C78E /* Accessories */ = {
			isa = PBXGroup;
			children = (
				042BD5BD153DF92C0002C94D /* Constant.h */,
				2309CE6F140C95700038C78E /* Anchor.h */,
				2309CE70140C95700038C78E /* Anchor.m */,
				2309CE71140C95700038C78E /* AnchorInfo.h */,
				2309CE72140C95700038C78E /* AnchorInfo.m */,
				2309CE73140C95700038C78E /* CustomBox.h */,
				2309CE74140C95700038C78E /* CustomBox.m */,
				2309CE75140C95700038C78E /* XAxisBand.h */,
				2309CE76140C95700038C78E /* XAxisBand.m */,
				2309CE77140C95700038C78E /* XAxisLabel.h */,
				2309CE78140C95700038C78E /* XAxisLabel.m */,
				2309CE79140C95700038C78E /* YAxisBand.h */,
				2309CE7A140C95700038C78E /* YAxisBand.m */,
			);
			path = Accessories;
			sourceTree = "<group>";
		};
		2309CE7B140C95700038C78E /* Bar Chart */ = {
			isa = PBXGroup;
			children = (
				2309CE7C140C95700038C78E /* BarChart.h */,
				2309CE7D140C95700038C78E /* BarChart.m */,
				2309CE7E140C95700038C78E /* BarView.h */,
				2309CE7F140C95700038C78E /* BarView.m */,
			);
			path = "Bar Chart";
			sourceTree = "<group>";
		};
		2309CE80140C95700038C78E /* ClusterGraph */ = {
			isa = PBXGroup;
			children = (
				2309CE81140C95700038C78E /* Cluster.h */,
				2309CE82140C95700038C78E /* Cluster.m */,
				2309CE83140C95700038C78E /* ClusterGraph.h */,
				2309CE84140C95700038C78E /* ClusterGraph.m */,
			);
			path = ClusterGraph;
			sourceTree = "<group>";
		};
		2309CE85140C95700038C78E /* Colors */ = {
			isa = PBXGroup;
			children = (
				042BD5BE153DF9390002C94D /* MIMColorClass.h */,
				042BD5BF153DF9390002C94D /* MIMColorClass.m */,
				2309CE86140C95700038C78E /* MIMColor.h */,
				2309CE87140C95700038C78E /* MIMColor.m */,
			);
			path = Colors;
			sourceTree = "<group>";
		};
		2309CE88140C95700038C78E /* FragmentedBarChart */ = {
			isa = PBXGroup;
			children = (
				2309CE89140C95700038C78E /* FragmentedBar.h */,
				2309CE8A140C95700038C78E /* FragmentedBar.m */,
				2309CE8B140C95700038C78E /* FragmentedBarChart.h */,
				2309CE8C140C95700038C78E /* FragmentedBarChart.m */,
			);
			path = FragmentedBarChart;
			sourceTree = "<group>";
		};
		2309CE8D140C95700038C78E /* FragmentedPieChart */ = {
			isa = PBXGroup;
			children = (
				2309CE8E140C95700038C78E /* 2DFragmentedDoughNut.h */,
				2309CE8F140C95700038C78E /* 2DFragmentedDoughNut.m */,
				2309CE90140C95700038C78E /* DoughtNutFragmentTitle.h */,
				2309CE91140C95700038C78E /* DoughtNutFragmentTitle.m */,
			);
			path = FragmentedPieChart;
			sourceTree = "<group>";
		};
		2309CE92140C95700038C78E /* Line Graph */ = {
			isa = PBXGroup;
			children = (
				2309CE93140C95700038C78E /* Colors */,
				2309CE94140C95700038C78E /* LineGraph.h */,
				2309CE95140C95700038C78E /* LineGraph.m */,
				2309CE96140C95700038C78E /* LineInfoBox.h */,
				2309CE97140C95700038C78E /* LineInfoBox.m */,
				2309CE98140C95700038C78E /* lines.png */,
				2309CE99140C95700038C78E /* lines1.png */,
			);
			path = "Line Graph";
			sourceTree = "<group>";
		};
		2309CE93140C95700038C78E /* Colors */ = {
			isa = PBXGroup;
			children = (
			);
			path = Colors;
			sourceTree = "<group>";
		};
		2309CE9A140C95700038C78E /* Pie Chart */ = {
			isa = PBXGroup;
			children = (
				042BD5C1153DF9610002C94D /* MIMPieChartDelegate.h */,
				042BD5C2153DF9610002C94D /* BasicPieChartSample.png */,
				042BD5C3153DF9610002C94D /* BasicPieChart.h */,
				042BD5C4153DF9610002C94D /* BasicPieChart.m */,
				042BD5C5153DF9610002C94D /* BevelPieChart.png */,
				042BD5C6153DF9610002C94D /* BevelPieChart.h */,
				042BD5C7153DF9610002C94D /* BevelPieChart.m */,
				042BD5C8153DF9610002C94D /* BiTransPieCHartSample.png */,
				042BD5C9153DF9610002C94D /* BiTransPieChart.h */,
				042BD5CA153DF9610002C94D /* BiTransPieChart.m */,
				042BD5CB153DF9610002C94D /* padded_pie_chart.png */,
				042BD5CC153DF9610002C94D /* PaddedPieChart.h */,
				042BD5CD153DF9610002C94D /* PaddedPieChart.m */,
				042BD5CE153DF9610002C94D /* sectioned_pie_chart.png */,
				042BD5CF153DF9610002C94D /* SectionedPieChart.h */,
				042BD5D0153DF9610002C94D /* SectionedPieChart.m */,
				042BD5D1153DF9610002C94D /* OthersPart1.png */,
				042BD5D2153DF9610002C94D /* otherspart2.png */,
				042BD5D3153DF9610002C94D /* OthersPieChart.h */,
				042BD5D4153DF9610002C94D /* OthersPieChart.m */,
				042BD5D5153DF9610002C94D /* layeredpiechart.jpg */,
				042BD5D6153DF9610002C94D /* LayeredPieChart.h */,
				042BD5D7153DF9610002C94D /* LayeredPieChart.m */,
				2309CE9B140C95700038C78E /* MIMPieChart.h */,
				2309CE9C140C95700038C78E /* MIMPieChart.m */,
			);
			path = "Pie Chart";
			sourceTree = "<group>";
		};
		2309CE9D140C95700038C78E /* Wall Graph */ = {
			isa = PBXGroup;
			children = (
				2309CE9E140C95700038C78E /* WallGraph.h */,
				2309CE9F140C95700038C78E /* WallGraph.m */,
				2309CEA0140C95700038C78E /* WallTestClass.h */,
				2309CEA1140C95700038C78E /* WallTestClass.m */,
			);
			path = "Wall Graph";
			sourceTree = "<group>";
		};
		2309CEC0140C98760038C78E /* HowToUseFiles */ = {
			isa = PBXGroup;
			children = (
				042BD5A8153DF90F0002C94D /* BasicPieChartTestClass.h */,
				042BD5A9153DF90F0002C94D /* BasicPieChartTestClass.m */,
				042BD5AA153DF90F0002C94D /* BevelPieChartTestClass.h */,
				042BD5AB153DF90F0002C94D /* BevelPieChartTestClass.m */,
				042BD5AC153DF90F0002C94D /* PaddedPieChartTestClass.h */,
				042BD5AD153DF90F0002C94D /* PaddedPieChartTestClass.m */,
				042BD5AE153DF90F0002C94D /* facebook.png */,
				042BD5AF153DF90F0002C94D /* trans_icon.png */,
				042BD5B0153DF90F0002C94D /* BiTransPieChartTestClass.h */,
				042BD5B1153DF90F0002C94D /* BiTransPieChartTestClass.m */,
				042BD5B2153DF90F0002C94D /* SectionedPieChartTestClass.h */,
				042BD5B3153DF90F0002C94D /* SectionedPieChartTestClass.m */,
				2309CEC1140C98760038C78E /* BarTestClass.h */,
				2309CEC2140C98760038C78E /* BarTestClass.m */,
				2309CEC3140C98760038C78E /* ClusterTestClass.h */,
				2309CEC4140C98760038C78E /* ClusterTestClass.m */,
				2309CEC5140C98760038C78E /* FragmentedBarTestClass.h */,
				2309CEC6140C98760038C78E /* FragmentedBarTestClass.m */,
				2309CEC7140C98760038C78E /* GroupBarTestClass.h */,
				2309CEC8140C98760038C78E /* GroupBarTestClass.m */,
				2309CEC9140C98760038C78E /* TestClass.h */,
				2309CECA140C98760038C78E /* TestClass.m */,
				2309CECB140C98760038C78E /* TestClass.xib */,
				2309CECC140C98760038C78E /* TestClassFragmented.h */,
				2309CECD140C98760038C78E /* TestClassFragmented.m */,
				2309CECE140C98760038C78E /* TestLineClass.h */,
				2309CECF140C98760038C78E /* TestLineClass.m */,
			);
			path = HowToUseFiles;
			sourceTree = "<group>";
		};
		236AF92613F28D2F008A538D = {
			isa = PBXGroup;
			children = (
				23C0D9DE13F5A13400F72BF4 /* CoreText.framework */,
				2333A89B13F5573A00229FE1 /* QuartzCore.framework */,
				236AF93B13F28D30008A538D /* MIMChartLib */,
				236AF93413F28D30008A538D /* Frameworks */,
				236AF93213F28D30008A538D /* Products */,
			);
			sourceTree = "<group>";
		};
		236AF93213F28D30008A538D /* Products */ = {
			isa = PBXGroup;
			children = (
				236AF93113F28D30008A538D /* MIMChartLib.app */,
			);
			name = Products;
			sourceTree = "<group>";
		};
		236AF93413F28D30008A538D /* Frameworks */ = {
			isa = PBXGroup;
			children = (
				236AF93513F28D30008A538D /* UIKit.framework */,
				236AF93713F28D30008A538D /* Foundation.framework */,
				236AF93913F28D30008A538D /* CoreGraphics.framework */,
			);
			name = Frameworks;
			sourceTree = "<group>";
		};
		236AF93B13F28D30008A538D /* MIMChartLib */ = {
			isa = PBXGroup;
			children = (
				2309CEC0140C98760038C78E /* HowToUseFiles */,
				2309CE6D140C95700038C78E /* Lib Files */,
				236AF94513F28D30008A538D /* MIMChartLibAppDelegate.m */,
				236AF94413F28D30008A538D /* MIMChartLibAppDelegate.h */,
				236AF94713F28D30008A538D /* MainWindow.xib */,
				236AF93C13F28D30008A538D /* Supporting Files */,
			);
			path = MIMChartLib;
			sourceTree = "<group>";
		};
		236AF93C13F28D30008A538D /* Supporting Files */ = {
			isa = PBXGroup;
			children = (
				238BCE12140ABD3900BF9CE6 /* myTableLinesWithIntOnly.csv */,
				238EB77B13FBC78E00F0A21C /* myTableFragmentedBar.csv */,
				238EB77313FBB89300F0A21C /* myTableCluster.csv */,
				23C0DA6013F9B79E00F72BF4 /* myTableBar.csv */,
				23C0DA4913F9353E00F72BF4 /* myTable2.csv */,
				23C0DA3813F9101400F72BF4 /* myTable1.csv */,
				23228ADC13F3A7660001DE38 /* myTable.csv */,
				236AF93D13F28D30008A538D /* MIMChartLib-Info.plist */,
				236AF93E13F28D30008A538D /* InfoPlist.strings */,
				236AF94113F28D30008A538D /* MIMChartLib-Prefix.pch */,
				236AF94213F28D30008A538D /* main.m */,
			);
			name = "Supporting Files";
			sourceTree = "<group>";
		};
/* End PBXGroup section */

/* Begin PBXNativeTarget section */
		236AF93013F28D30008A538D /* MIMChartLib */ = {
			isa = PBXNativeTarget;
			buildConfigurationList = 236AF94C13F28D30008A538D /* Build configuration list for PBXNativeTarget "MIMChartLib" */;
			buildPhases = (
				236AF92D13F28D30008A538D /* Sources */,
				236AF92E13F28D30008A538D /* Frameworks */,
				236AF92F13F28D30008A538D /* Resources */,
			);
			buildRules = (
			);
			dependencies = (
			);
			name = MIMChartLib;
			productName = MIMChartLib;
			productReference = 236AF93113F28D30008A538D /* MIMChartLib.app */;
			productType = "com.apple.product-type.application";
		};
/* End PBXNativeTarget section */

/* Begin PBXProject section */
		236AF92813F28D2F008A538D /* Project object */ = {
			isa = PBXProject;
			buildConfigurationList = 236AF92B13F28D2F008A538D /* Build configuration list for PBXProject "MIMChartLib" */;
			compatibilityVersion = "Xcode 3.2";
			developmentRegion = English;
			hasScannedForEncodings = 0;
			knownRegions = (
				en,
			);
			mainGroup = 236AF92613F28D2F008A538D;
			productRefGroup = 236AF93213F28D30008A538D /* Products */;
			projectDirPath = "";
			projectRoot = "";
			targets = (
				236AF93013F28D30008A538D /* MIMChartLib */,
			);
		};
/* End PBXProject section */

/* Begin PBXResourcesBuildPhase section */
		236AF92F13F28D30008A538D /* Resources */ = {
			isa = PBXResourcesBuildPhase;
			buildActionMask = 2147483647;
			files = (
				236AF94013F28D30008A538D /* InfoPlist.strings in Resources */,
				236AF94913F28D30008A538D /* MainWindow.xib in Resources */,
				23228ADD13F3A7660001DE38 /* myTable.csv in Resources */,
				23C0DA3913F9101400F72BF4 /* myTable1.csv in Resources */,
				23C0DA4A13F9353E00F72BF4 /* myTable2.csv in Resources */,
				23C0DA6113F9B79E00F72BF4 /* myTableBar.csv in Resources */,
				238EB77413FBB89300F0A21C /* myTableCluster.csv in Resources */,
				238EB77C13FBC78E00F0A21C /* myTableFragmentedBar.csv in Resources */,
				238BCE13140ABD3900BF9CE6 /* myTableLinesWithIntOnly.csv in Resources */,
				2309CEBB140C95700038C78E /* lines.png in Resources */,
				2309CEBC140C95700038C78E /* lines1.png in Resources */,
				2309CED5140C98760038C78E /* TestClass.xib in Resources */,
				042BD5B7153DF90F0002C94D /* facebook.png in Resources */,
				042BD5B8153DF90F0002C94D /* trans_icon.png in Resources */,
				042BD5D8153DF9610002C94D /* BasicPieChartSample.png in Resources */,
				042BD5DA153DF9610002C94D /* BevelPieChart.png in Resources */,
				042BD5DC153DF9610002C94D /* BiTransPieCHartSample.png in Resources */,
				042BD5DE153DF9610002C94D /* padded_pie_chart.png in Resources */,
				042BD5E0153DF9610002C94D /* sectioned_pie_chart.png in Resources */,
				042BD5E2153DF9610002C94D /* OthersPart1.png in Resources */,
				042BD5E3153DF9610002C94D /* otherspart2.png in Resources */,
				042BD5E5153DF9610002C94D /* layeredpiechart.jpg in Resources */,
			);
			runOnlyForDeploymentPostprocessing = 0;
		};
/* End PBXResourcesBuildPhase section */

/* Begin PBXSourcesBuildPhase section */
		236AF92D13F28D30008A538D /* Sources */ = {
			isa = PBXSourcesBuildPhase;
			buildActionMask = 2147483647;
			files = (
				236AF94313F28D30008A538D /* main.m in Sources */,
				236AF94613F28D30008A538D /* MIMChartLibAppDelegate.m in Sources */,
				2309CEAA140C95700038C78E /* Anchor.m in Sources */,
				2309CEAB140C95700038C78E /* AnchorInfo.m in Sources */,
				2309CEAC140C95700038C78E /* CustomBox.m in Sources */,
				2309CEAD140C95700038C78E /* XAxisBand.m in Sources */,
				2309CEAE140C95700038C78E /* XAxisLabel.m in Sources */,
				2309CEAF140C95700038C78E /* YAxisBand.m in Sources */,
				2309CEB0140C95700038C78E /* BarChart.m in Sources */,
				2309CEB1140C95700038C78E /* BarView.m in Sources */,
				2309CEB2140C95700038C78E /* Cluster.m in Sources */,
				2309CEB3140C95700038C78E /* ClusterGraph.m in Sources */,
				2309CEB4140C95700038C78E /* MIMColor.m in Sources */,
				2309CEB5140C95700038C78E /* FragmentedBar.m in Sources */,
				2309CEB6140C95700038C78E /* FragmentedBarChart.m in Sources */,
				2309CEB7140C95700038C78E /* 2DFragmentedDoughNut.m in Sources */,
				2309CEB8140C95700038C78E /* DoughtNutFragmentTitle.m in Sources */,
				2309CEB9140C95700038C78E /* LineGraph.m in Sources */,
				2309CEBA140C95700038C78E /* LineInfoBox.m in Sources */,
				2309CEBD140C95700038C78E /* MIMPieChart.m in Sources */,
				2309CEBE140C95700038C78E /* WallGraph.m in Sources */,
				2309CEBF140C95700038C78E /* WallTestClass.m in Sources */,
				2309CED0140C98760038C78E /* BarTestClass.m in Sources */,
				2309CED1140C98760038C78E /* ClusterTestClass.m in Sources */,
				2309CED2140C98760038C78E /* FragmentedBarTestClass.m in Sources */,
				2309CED3140C98760038C78E /* GroupBarTestClass.m in Sources */,
				2309CED4140C98760038C78E /* TestClass.m in Sources */,
				2309CED6140C98760038C78E /* TestClassFragmented.m in Sources */,
				2309CED7140C98760038C78E /* TestLineClass.m in Sources */,
				042BD5B4153DF90F0002C94D /* BasicPieChartTestClass.m in Sources */,
				042BD5B5153DF90F0002C94D /* BevelPieChartTestClass.m in Sources */,
				042BD5B6153DF90F0002C94D /* PaddedPieChartTestClass.m in Sources */,
				042BD5B9153DF90F0002C94D /* BiTransPieChartTestClass.m in Sources */,
				042BD5BA153DF90F0002C94D /* SectionedPieChartTestClass.m in Sources */,
				042BD5C0153DF9390002C94D /* MIMColorClass.m in Sources */,
				042BD5D9153DF9610002C94D /* BasicPieChart.m in Sources */,
				042BD5DB153DF9610002C94D /* BevelPieChart.m in Sources */,
				042BD5DD153DF9610002C94D /* BiTransPieChart.m in Sources */,
				042BD5DF153DF9610002C94D /* PaddedPieChart.m in Sources */,
				042BD5E1153DF9610002C94D /* SectionedPieChart.m in Sources */,
				042BD5E4153DF9610002C94D /* OthersPieChart.m in Sources */,
				042BD5E6153DF9610002C94D /* LayeredPieChart.m in Sources */,
			);
			runOnlyForDeploymentPostprocessing = 0;
		};
/* End PBXSourcesBuildPhase section */

/* Begin PBXVariantGroup section */
		236AF93E13F28D30008A538D /* InfoPlist.strings */ = {
			isa = PBXVariantGroup;
			children = (
				236AF93F13F28D30008A538D /* en */,
			);
			name = InfoPlist.strings;
			sourceTree = "<group>";
		};
		236AF94713F28D30008A538D /* MainWindow.xib */ = {
			isa = PBXVariantGroup;
			children = (
				236AF94813F28D30008A538D /* en */,
			);
			name = MainWindow.xib;
			sourceTree = "<group>";
		};
/* End PBXVariantGroup section */

/* Begin XCBuildConfiguration section */
		236AF94A13F28D30008A538D /* Debug */ = {
			isa = XCBuildConfiguration;
			buildSettings = {
				ARCHS = "$(ARCHS_UNIVERSAL_IPHONE_OS)";
				"CODE_SIGN_IDENTITY[sdk=iphoneos*]" = "iPhone Developer";
				GCC_C_LANGUAGE_STANDARD = gnu99;
				GCC_OPTIMIZATION_LEVEL = 0;
				GCC_PREPROCESSOR_DEFINITIONS = DEBUG;
				GCC_VERSION = com.apple.compilers.llvmgcc42;
				GCC_WARN_ABOUT_RETURN_TYPE = YES;
				GCC_WARN_UNUSED_VARIABLE = YES;
				IPHONEOS_DEPLOYMENT_TARGET = 4.2;
				SDKROOT = iphoneos;
				TARGETED_DEVICE_FAMILY = 2;
			};
			name = Debug;
		};
		236AF94B13F28D30008A538D /* Release */ = {
			isa = XCBuildConfiguration;
			buildSettings = {
				ARCHS = "$(ARCHS_UNIVERSAL_IPHONE_OS)";
				"CODE_SIGN_IDENTITY[sdk=iphoneos*]" = "iPhone Developer";
				GCC_C_LANGUAGE_STANDARD = gnu99;
				GCC_VERSION = com.apple.compilers.llvmgcc42;
				GCC_WARN_ABOUT_RETURN_TYPE = YES;
				GCC_WARN_UNUSED_VARIABLE = YES;
				IPHONEOS_DEPLOYMENT_TARGET = 4.2;
				OTHER_CFLAGS = "-DNS_BLOCK_ASSERTIONS=1";
				SDKROOT = iphoneos;
				TARGETED_DEVICE_FAMILY = 2;
			};
			name = Release;
		};
		236AF94D13F28D30008A538D /* Debug */ = {
			isa = XCBuildConfiguration;
			buildSettings = {
				ALWAYS_SEARCH_USER_PATHS = NO;
				COPY_PHASE_STRIP = NO;
				GCC_DYNAMIC_NO_PIC = NO;
				GCC_PRECOMPILE_PREFIX_HEADER = YES;
				GCC_PREFIX_HEADER = "MIMChartLib/MIMChartLib-Prefix.pch";
				INFOPLIST_FILE = "MIMChartLib/MIMChartLib-Info.plist";
				INSTALL_PATH = "$(LOCAL_APPS_DIR)";
				PRODUCT_NAME = "$(TARGET_NAME)";
				WRAPPER_EXTENSION = app;
			};
			name = Debug;
		};
		236AF94E13F28D30008A538D /* Release */ = {
			isa = XCBuildConfiguration;
			buildSettings = {
				ALWAYS_SEARCH_USER_PATHS = NO;
				COPY_PHASE_STRIP = YES;
				GCC_PRECOMPILE_PREFIX_HEADER = YES;
				GCC_PREFIX_HEADER = "MIMChartLib/MIMChartLib-Prefix.pch";
				INFOPLIST_FILE = "MIMChartLib/MIMChartLib-Info.plist";
				INSTALL_PATH = "$(LOCAL_APPS_DIR)";
				PRODUCT_NAME = "$(TARGET_NAME)";
				VALIDATE_PRODUCT = YES;
				WRAPPER_EXTENSION = app;
			};
			name = Release;
		};
/* End XCBuildConfiguration section */

/* Begin XCConfigurationList section */
		236AF92B13F28D2F008A538D /* Build configuration list for PBXProject "MIMChartLib" */ = {
			isa = XCConfigurationList;
			buildConfigurations = (
				236AF94A13F28D30008A538D /* Debug */,
				236AF94B13F28D30008A538D /* Release */,
			);
			defaultConfigurationIsVisible = 0;
			defaultConfigurationName = Release;
		};
		236AF94C13F28D30008A538D /* Build configuration list for PBXNativeTarget "MIMChartLib" */ = {
			isa = XCConfigurationList;
			buildConfigurations = (
				236AF94D13F28D30008A538D /* Debug */,
				236AF94E13F28D30008A538D /* Release */,
			);
			defaultConfigurationIsVisible = 0;
			defaultConfigurationName = Release;
		};
/* End XCConfigurationList section */
	};
	rootObject = 236AF92813F28D2F008A538D /* Project object */;
}
